// !$*UTF8*$!
{
	archiveVersion = 1;
	classes = {
	};
	objectVersion = 46;
	objects = {

/* Begin PBXBuildFile section */
		E724A0E91C381E86007154C8 /* NewsPage.m in Sources */ = {isa = PBXBuildFile; fileRef = E724A0E81C381E86007154C8 /* NewsPage.m */; };
		E724A0F81C381EE6007154C8 /* DetailPage.m in Sources */ = {isa = PBXBuildFile; fileRef = E724A0F71C381EE6007154C8 /* DetailPage.m */; };
		E76154821C4433E800302D32 /* DetailPage.xib in Resources */ = {isa = PBXBuildFile; fileRef = E76154811C4433E800302D32 /* DetailPage.xib */; };
		E76154881C4434A300302D32 /* content_template.html in Resources */ = {isa = PBXBuildFile; fileRef = E76154841C4434A300302D32 /* content_template.html */; };
		E76154891C4434A300302D32 /* content.css in Resources */ = {isa = PBXBuildFile; fileRef = E76154851C4434A300302D32 /* content.css */; };
		E761548A1C4434A300302D32 /* content.js in Resources */ = {isa = PBXBuildFile; fileRef = E76154861C4434A300302D32 /* content.js */; };
		E761548D1C4435D800302D32 /* GWGetDetail.m in Sources */ = {isa = PBXBuildFile; fileRef = E761548C1C4435D800302D32 /* GWGetDetail.m */; };
		E76154901C44360500302D32 /* DetailInfo.m in Sources */ = {isa = PBXBuildFile; fileRef = E761548F1C44360500302D32 /* DetailInfo.m */; };
		E77F90121C36BDC300FAF680 /* GWAppSetting.m in Sources */ = {isa = PBXBuildFile; fileRef = E77F90091C36BDC300FAF680 /* GWAppSetting.m */; };
		E77F90131C36BDC300FAF680 /* GWButtonHelper.m in Sources */ = {isa = PBXBuildFile; fileRef = E77F900B1C36BDC300FAF680 /* GWButtonHelper.m */; };
		E77F90141C36BDC300FAF680 /* GWDate.m in Sources */ = {isa = PBXBuildFile; fileRef = E77F900D1C36BDC300FAF680 /* GWDate.m */; };
		E77F90151C36BDC300FAF680 /* GWFileUtility.m in Sources */ = {isa = PBXBuildFile; fileRef = E77F900F1C36BDC300FAF680 /* GWFileUtility.m */; };
		E77F90161C36BDC300FAF680 /* GWString.m in Sources */ = {isa = PBXBuildFile; fileRef = E77F90111C36BDC300FAF680 /* GWString.m */; settings = {COMPILER_FLAGS = "-fno-objc-arc"; }; };
		E77F90191C36C82A00FAF680 /* GWGlobal.m in Sources */ = {isa = PBXBuildFile; fileRef = E77F90181C36C82A00FAF680 /* GWGlobal.m */; };
		E78271611C39068F00A59D6B /* HomeTabBarController.m in Sources */ = {isa = PBXBuildFile; fileRef = E78271601C39068F00A59D6B /* HomeTabBarController.m */; };
		E78271641C39657700A59D6B /* GWBaseNavPage.m in Sources */ = {isa = PBXBuildFile; fileRef = E78271631C39657700A59D6B /* GWBaseNavPage.m */; };
		E78271A91C399C0600A59D6B /* PageInfo.m in Sources */ = {isa = PBXBuildFile; fileRef = E78271A81C399C0600A59D6B /* PageInfo.m */; };
		E79093091C16C347006A9023 /* main.m in Sources */ = {isa = PBXBuildFile; fileRef = E79093081C16C347006A9023 /* main.m */; };
		E790930C1C16C347006A9023 /* AppDelegate.m in Sources */ = {isa = PBXBuildFile; fileRef = E790930B1C16C347006A9023 /* AppDelegate.m */; };
		E79093221C16C348006A9023 /* GWNewsTests.m in Sources */ = {isa = PBXBuildFile; fileRef = E79093211C16C348006A9023 /* GWNewsTests.m */; };
		E790932D1C16C348006A9023 /* GWNewsUITests.m in Sources */ = {isa = PBXBuildFile; fileRef = E790932C1C16C348006A9023 /* GWNewsUITests.m */; };
		E79158FB1C21A8BF00F61B7E /* GWJSON.m in Sources */ = {isa = PBXBuildFile; fileRef = E79158F21C21A8BF00F61B7E /* GWJSON.m */; settings = {COMPILER_FLAGS = "-fno-objc-arc"; }; };
		E79158FC1C21A8BF00F61B7E /* GWJsonBase.m in Sources */ = {isa = PBXBuildFile; fileRef = E79158F41C21A8BF00F61B7E /* GWJsonBase.m */; settings = {COMPILER_FLAGS = "-fno-objc-arc"; }; };
		E79158FD1C21A8BF00F61B7E /* GWJsonParser.m in Sources */ = {isa = PBXBuildFile; fileRef = E79158F61C21A8BF00F61B7E /* GWJsonParser.m */; settings = {COMPILER_FLAGS = "-fno-objc-arc"; }; };
		E79158FE1C21A8BF00F61B7E /* GWJsonUtility.m in Sources */ = {isa = PBXBuildFile; fileRef = E79158F81C21A8BF00F61B7E /* GWJsonUtility.m */; settings = {COMPILER_FLAGS = "-fno-objc-arc"; }; };
		E79158FF1C21A8BF00F61B7E /* GWJsonWriter.m in Sources */ = {isa = PBXBuildFile; fileRef = E79158FA1C21A8BF00F61B7E /* GWJsonWriter.m */; settings = {COMPILER_FLAGS = "-fno-objc-arc"; }; };
		E79DB9991C4E504A00B07FE5 /* DetailImageInfo.m in Sources */ = {isa = PBXBuildFile; fileRef = E79DB9981C4E504A00B07FE5 /* DetailImageInfo.m */; };
		E7AD5C1E1C45038C00160CED /* DiscoveryPage.m in Sources */ = {isa = PBXBuildFile; fileRef = E7AD5C171C45038C00160CED /* DiscoveryPage.m */; };
		E7AD5C1F1C45038C00160CED /* MyPage.m in Sources */ = {isa = PBXBuildFile; fileRef = E7AD5C191C45038C00160CED /* MyPage.m */; };
		E7AD5C201C45038C00160CED /* ReaderPage.m in Sources */ = {isa = PBXBuildFile; fileRef = E7AD5C1B1C45038C00160CED /* ReaderPage.m */; };
		E7AD5C211C45038C00160CED /* VoicePage.m in Sources */ = {isa = PBXBuildFile; fileRef = E7AD5C1D1C45038C00160CED /* VoicePage.m */; };
		E7BBB4E51C42BEA000959549 /* GWDownload.m in Sources */ = {isa = PBXBuildFile; fileRef = E7BBB4E41C42BEA000959549 /* GWDownload.m */; };
		E7CC33961C3AD10400A027E0 /* GWBaseWidget.m in Sources */ = {isa = PBXBuildFile; fileRef = E7CC33951C3AD10400A027E0 /* GWBaseWidget.m */; };
		E7CC33991C3AD12F00A027E0 /* ColumnBarWidget.m in Sources */ = {isa = PBXBuildFile; fileRef = E7CC33981C3AD12F00A027E0 /* ColumnBarWidget.m */; };
		E7D6E0451C22ECF200F7C298 /* BaseInfo.m in Sources */ = {isa = PBXBuildFile; fileRef = E7D6E0441C22ECF200F7C298 /* BaseInfo.m */; };
		E7D6E0481C22ED1600F7C298 /* AdvertInfo.m in Sources */ = {isa = PBXBuildFile; fileRef = E7D6E0471C22ED1600F7C298 /* AdvertInfo.m */; };
		E7D6E04B1C22ED2C00F7C298 /* ColumnInfo.m in Sources */ = {isa = PBXBuildFile; fileRef = E7D6E04A1C22ED2C00F7C298 /* ColumnInfo.m */; };
		E7D6E04E1C22ED4100F7C298 /* NewsInfo.m in Sources */ = {isa = PBXBuildFile; fileRef = E7D6E04D1C22ED4100F7C298 /* NewsInfo.m */; };
		E7D738991C27F2EF002EE70D /* GWNetworkOperation.m in Sources */ = {isa = PBXBuildFile; fileRef = E7D738981C27F2EF002EE70D /* GWNetworkOperation.m */; };
		E7D7389C1C27F366002EE70D /* GWGetAdvert.m in Sources */ = {isa = PBXBuildFile; fileRef = E7D7389B1C27F366002EE70D /* GWGetAdvert.m */; };
		E7D738A21C27F397002EE70D /* GWGetNews.m in Sources */ = {isa = PBXBuildFile; fileRef = E7D738A11C27F397002EE70D /* GWGetNews.m */; };
		E7DBF51F1C353B6D00B84626 /* GWBaseViewController.m in Sources */ = {isa = PBXBuildFile; fileRef = E7DBF51E1C353B6D00B84626 /* GWBaseViewController.m */; };
		E7DBF5251C353BF400B84626 /* AdvertPage.m in Sources */ = {isa = PBXBuildFile; fileRef = E7DBF5241C353BF400B84626 /* AdvertPage.m */; };
		E7DBF52A1C357F0200B84626 /* GWActivity.m in Sources */ = {isa = PBXBuildFile; fileRef = E7DBF5271C357F0200B84626 /* GWActivity.m */; };
		E7DBF52B1C357F0200B84626 /* GWActivityIndicator.m in Sources */ = {isa = PBXBuildFile; fileRef = E7DBF5291C357F0200B84626 /* GWActivityIndicator.m */; settings = {COMPILER_FLAGS = "-fno-objc-arc"; }; };
		E7DBF5361C35CF3B00B84626 /* GWGetImage.m in Sources */ = {isa = PBXBuildFile; fileRef = E7DBF5351C35CF3B00B84626 /* GWGetImage.m */; };
		E7F5175B1C3D057100C1B4D8 /* NewsColumn.plist in Resources */ = {isa = PBXBuildFile; fileRef = E7F5173A1C3D057100C1B4D8 /* NewsColumn.plist */; };
		E7F5175C1C3D057100C1B4D8 /* TabBarPages.plist in Resources */ = {isa = PBXBuildFile; fileRef = E7F5173B1C3D057100C1B4D8 /* TabBarPages.plist */; };
		E7F517731C3D057100C1B4D8 /* AdvertPage.xib in Resources */ = {isa = PBXBuildFile; fileRef = E7F517581C3D057100C1B4D8 /* AdvertPage.xib */; };
		E7F517741C3D057100C1B4D8 /* ColumnBarWidget.xib in Resources */ = {isa = PBXBuildFile; fileRef = E7F517591C3D057100C1B4D8 /* ColumnBarWidget.xib */; };
		E7F517751C3D057100C1B4D8 /* NewsPage.xib in Resources */ = {isa = PBXBuildFile; fileRef = E7F5175A1C3D057100C1B4D8 /* NewsPage.xib */; };
		E7F517781C3D9D2000C1B4D8 /* GWLandscapeTableView.m in Sources */ = {isa = PBXBuildFile; fileRef = E7F517771C3D9D2000C1B4D8 /* GWLandscapeTableView.m */; };
		E7F5177B1C3D9EA800C1B4D8 /* GWLandscapeCell.m in Sources */ = {isa = PBXBuildFile; fileRef = E7F5177A1C3D9EA800C1B4D8 /* GWLandscapeCell.m */; };
		E7F5177E1C3EFD2900C1B4D8 /* NewsWidget.m in Sources */ = {isa = PBXBuildFile; fileRef = E7F5177D1C3EFD2900C1B4D8 /* NewsWidget.m */; };
		E7F517811C3EFD6700C1B4D8 /* NewsTableViewCell.m in Sources */ = {isa = PBXBuildFile; fileRef = E7F517801C3EFD6700C1B4D8 /* NewsTableViewCell.m */; };
		E7F517831C3FA72000C1B4D8 /* NewsWidget.xib in Resources */ = {isa = PBXBuildFile; fileRef = E7F517821C3FA72000C1B4D8 /* NewsWidget.xib */; };
		E7F517851C3FA72C00C1B4D8 /* NewsTableViewCell.xib in Resources */ = {isa = PBXBuildFile; fileRef = E7F517841C3FA72C00C1B4D8 /* NewsTableViewCell.xib */; };
		E7F517A21C3FAB8900C1B4D8 /* Assets.xcassets in Resources */ = {isa = PBXBuildFile; fileRef = E7F517881C3FAB8900C1B4D8 /* Assets.xcassets */; };
		E7F517A31C3FAB8900C1B4D8 /* ColumnBarLeft@2x.png in Resources */ = {isa = PBXBuildFile; fileRef = E7F5178B1C3FAB8900C1B4D8 /* ColumnBarLeft@2x.png */; };
		E7F517A41C3FAB8900C1B4D8 /* ColumnBarRight@2x.png in Resources */ = {isa = PBXBuildFile; fileRef = E7F5178C1C3FAB8900C1B4D8 /* ColumnBarRight@2x.png */; };
		E7F517A51C3FAB8900C1B4D8 /* NavigationBackBlack@2x.png in Resources */ = {isa = PBXBuildFile; fileRef = E7F5178E1C3FAB8900C1B4D8 /* NavigationBackBlack@2x.png */; };
		E7F517A61C3FAB8900C1B4D8 /* NavigationBackWhite@2x.png in Resources */ = {isa = PBXBuildFile; fileRef = E7F5178F1C3FAB8900C1B4D8 /* NavigationBackWhite@2x.png */; };
		E7F517A71C3FAB8900C1B4D8 /* NavigationBarIcon@2x.png in Resources */ = {isa = PBXBuildFile; fileRef = E7F517901C3FAB8900C1B4D8 /* NavigationBarIcon@2x.png */; };
		E7F517A81C3FAB8900C1B4D8 /* NavigationBarRed44@2x.png in Resources */ = {isa = PBXBuildFile; fileRef = E7F517911C3FAB8900C1B4D8 /* NavigationBarRed44@2x.png */; };
		E7F517A91C3FAB8900C1B4D8 /* NavigationBarRed64@2x.png in Resources */ = {isa = PBXBuildFile; fileRef = E7F517921C3FAB8900C1B4D8 /* NavigationBarRed64@2x.png */; };
		E7F517AA1C3FAB8900C1B4D8 /* NavigationBarWhite44@2x.png in Resources */ = {isa = PBXBuildFile; fileRef = E7F517931C3FAB8900C1B4D8 /* NavigationBarWhite44@2x.png */; };
		E7F517AB1C3FAB8900C1B4D8 /* NavigationBarWhite64@2x.png in Resources */ = {isa = PBXBuildFile; fileRef = E7F517941C3FAB8900C1B4D8 /* NavigationBarWhite64@2x.png */; };
		E7F517AC1C3FAB8900C1B4D8 /* NavigationBell@2x.png in Resources */ = {isa = PBXBuildFile; fileRef = E7F517951C3FAB8900C1B4D8 /* NavigationBell@2x.png */; };
		E7F517AD1C3FAB8900C1B4D8 /* NavigationSquare@2x.png in Resources */ = {isa = PBXBuildFile; fileRef = E7F517961C3FAB8900C1B4D8 /* NavigationSquare@2x.png */; };
		E7F517AE1C3FAB8900C1B4D8 /* DiscoveryIcon@2x.png in Resources */ = {isa = PBXBuildFile; fileRef = E7F517981C3FAB8900C1B4D8 /* DiscoveryIcon@2x.png */; };
		E7F517AF1C3FAB8900C1B4D8 /* DiscoveryIconSelect@2x.png in Resources */ = {isa = PBXBuildFile; fileRef = E7F517991C3FAB8900C1B4D8 /* DiscoveryIconSelect@2x.png */; };
		E7F517B01C3FAB8900C1B4D8 /* MyIcon@2x.png in Resources */ = {isa = PBXBuildFile; fileRef = E7F5179A1C3FAB8900C1B4D8 /* MyIcon@2x.png */; };
		E7F517B11C3FAB8900C1B4D8 /* MyIconSelect@2x.png in Resources */ = {isa = PBXBuildFile; fileRef = E7F5179B1C3FAB8900C1B4D8 /* MyIconSelect@2x.png */; };
		E7F517B21C3FAB8900C1B4D8 /* NewsIcon@2x.png in Resources */ = {isa = PBXBuildFile; fileRef = E7F5179C1C3FAB8900C1B4D8 /* NewsIcon@2x.png */; };
		E7F517B31C3FAB8900C1B4D8 /* NewsIconSelect@2x.png in Resources */ = {isa = PBXBuildFile; fileRef = E7F5179D1C3FAB8900C1B4D8 /* NewsIconSelect@2x.png */; };
		E7F517B41C3FAB8900C1B4D8 /* ReaderIcon@2x.png in Resources */ = {isa = PBXBuildFile; fileRef = E7F5179E1C3FAB8900C1B4D8 /* ReaderIcon@2x.png */; };
		E7F517B51C3FAB8900C1B4D8 /* ReaderIconSelect@2x.png in Resources */ = {isa = PBXBuildFile; fileRef = E7F5179F1C3FAB8900C1B4D8 /* ReaderIconSelect@2x.png */; };
		E7F517B61C3FAB8900C1B4D8 /* VoiceIcon@2x.png in Resources */ = {isa = PBXBuildFile; fileRef = E7F517A01C3FAB8900C1B4D8 /* VoiceIcon@2x.png */; };
		E7F517B71C3FAB8900C1B4D8 /* VoiceIconSelect@2x.png in Resources */ = {isa = PBXBuildFile; fileRef = E7F517A11C3FAB8900C1B4D8 /* VoiceIconSelect@2x.png */; };
		E7F517B91C3FABA200C1B4D8 /* NewsDefault@2x.png in Resources */ = {isa = PBXBuildFile; fileRef = E7F517B81C3FABA200C1B4D8 /* NewsDefault@2x.png */; };
/* End PBXBuildFile section */

/* Begin PBXContainerItemProxy section */
		E790931E1C16C348006A9023 /* PBXContainerItemProxy */ = {
			isa = PBXContainerItemProxy;
			containerPortal = E79092FC1C16C347006A9023 /* Project object */;
			proxyType = 1;
			remoteGlobalIDString = E79093031C16C347006A9023;
			remoteInfo = GWNews;
		};
		E79093291C16C348006A9023 /* PBXContainerItemProxy */ = {
			isa = PBXContainerItemProxy;
			containerPortal = E79092FC1C16C347006A9023 /* Project object */;
			proxyType = 1;
			remoteGlobalIDString = E79093031C16C347006A9023;
			remoteInfo = GWNews;
		};
/* End PBXContainerItemProxy section */

/* Begin PBXFileReference section */
		E724A0E71C381E86007154C8 /* NewsPage.h */ = {isa = PBXFileReference; fileEncoding = 4; lastKnownFileType = sourcecode.c.h; path = NewsPage.h; sourceTree = "<group>"; };
		E724A0E81C381E86007154C8 /* NewsPage.m */ = {isa = PBXFileReference; fileEncoding = 4; lastKnownFileType = sourcecode.c.objc; path = NewsPage.m; sourceTree = "<group>"; };
		E724A0F61C381EE6007154C8 /* DetailPage.h */ = {isa = PBXFileReference; fileEncoding = 4; lastKnownFileType = sourcecode.c.h; path = DetailPage.h; sourceTree = "<group>"; };
		E724A0F71C381EE6007154C8 /* DetailPage.m */ = {isa = PBXFileReference; fileEncoding = 4; lastKnownFileType = sourcecode.c.objc; path = DetailPage.m; sourceTree = "<group>"; };
		E76154811C4433E800302D32 /* DetailPage.xib */ = {isa = PBXFileReference; fileEncoding = 4; lastKnownFileType = file.xib; path = DetailPage.xib; sourceTree = "<group>"; };
		E76154841C4434A300302D32 /* content_template.html */ = {isa = PBXFileReference; fileEncoding = 4; lastKnownFileType = text.html; path = content_template.html; sourceTree = "<group>"; };
		E76154851C4434A300302D32 /* content.css */ = {isa = PBXFileReference; fileEncoding = 4; lastKnownFileType = text.css; path = content.css; sourceTree = "<group>"; };
		E76154861C4434A300302D32 /* content.js */ = {isa = PBXFileReference; fileEncoding = 4; lastKnownFileType = sourcecode.javascript; path = content.js; sourceTree = "<group>"; };
		E761548B1C4435D800302D32 /* GWGetDetail.h */ = {isa = PBXFileReference; fileEncoding = 4; lastKnownFileType = sourcecode.c.h; path = GWGetDetail.h; sourceTree = "<group>"; };
		E761548C1C4435D800302D32 /* GWGetDetail.m */ = {isa = PBXFileReference; fileEncoding = 4; lastKnownFileType = sourcecode.c.objc; path = GWGetDetail.m; sourceTree = "<group>"; };
		E761548E1C44360500302D32 /* DetailInfo.h */ = {isa = PBXFileReference; fileEncoding = 4; lastKnownFileType = sourcecode.c.h; path = DetailInfo.h; sourceTree = "<group>"; };
		E761548F1C44360500302D32 /* DetailInfo.m */ = {isa = PBXFileReference; fileEncoding = 4; lastKnownFileType = sourcecode.c.objc; path = DetailInfo.m; sourceTree = "<group>"; };
		E77F90081C36BDC300FAF680 /* GWAppSetting.h */ = {isa = PBXFileReference; fileEncoding = 4; lastKnownFileType = sourcecode.c.h; path = GWAppSetting.h; sourceTree = "<group>"; };
		E77F90091C36BDC300FAF680 /* GWAppSetting.m */ = {isa = PBXFileReference; fileEncoding = 4; lastKnownFileType = sourcecode.c.objc; path = GWAppSetting.m; sourceTree = "<group>"; };
		E77F900A1C36BDC300FAF680 /* GWButtonHelper.h */ = {isa = PBXFileReference; fileEncoding = 4; lastKnownFileType = sourcecode.c.h; path = GWButtonHelper.h; sourceTree = "<group>"; };
		E77F900B1C36BDC300FAF680 /* GWButtonHelper.m */ = {isa = PBXFileReference; fileEncoding = 4; lastKnownFileType = sourcecode.c.objc; path = GWButtonHelper.m; sourceTree = "<group>"; };
		E77F900C1C36BDC300FAF680 /* GWDate.h */ = {isa = PBXFileReference; fileEncoding = 4; lastKnownFileType = sourcecode.c.h; path = GWDate.h; sourceTree = "<group>"; };
		E77F900D1C36BDC300FAF680 /* GWDate.m */ = {isa = PBXFileReference; fileEncoding = 4; lastKnownFileType = sourcecode.c.objc; path = GWDate.m; sourceTree = "<group>"; };
		E77F900E1C36BDC300FAF680 /* GWFileUtility.h */ = {isa = PBXFileReference; fileEncoding = 4; lastKnownFileType = sourcecode.c.h; path = GWFileUtility.h; sourceTree = "<group>"; };
		E77F900F1C36BDC300FAF680 /* GWFileUtility.m */ = {isa = PBXFileReference; fileEncoding = 4; lastKnownFileType = sourcecode.c.objc; path = GWFileUtility.m; sourceTree = "<group>"; };
		E77F90101C36BDC300FAF680 /* GWString.h */ = {isa = PBXFileReference; fileEncoding = 4; lastKnownFileType = sourcecode.c.h; path = GWString.h; sourceTree = "<group>"; };
		E77F90111C36BDC300FAF680 /* GWString.m */ = {isa = PBXFileReference; fileEncoding = 4; lastKnownFileType = sourcecode.c.objc; path = GWString.m; sourceTree = "<group>"; };
		E77F90171C36C82A00FAF680 /* GWGlobal.h */ = {isa = PBXFileReference; fileEncoding = 4; lastKnownFileType = sourcecode.c.h; path = GWGlobal.h; sourceTree = "<group>"; };
		E77F90181C36C82A00FAF680 /* GWGlobal.m */ = {isa = PBXFileReference; fileEncoding = 4; lastKnownFileType = sourcecode.c.objc; path = GWGlobal.m; sourceTree = "<group>"; };
		E782715F1C39068F00A59D6B /* HomeTabBarController.h */ = {isa = PBXFileReference; fileEncoding = 4; lastKnownFileType = sourcecode.c.h; path = HomeTabBarController.h; sourceTree = "<group>"; };
		E78271601C39068F00A59D6B /* HomeTabBarController.m */ = {isa = PBXFileReference; fileEncoding = 4; lastKnownFileType = sourcecode.c.objc; path = HomeTabBarController.m; sourceTree = "<group>"; };
		E78271621C39657700A59D6B /* GWBaseNavPage.h */ = {isa = PBXFileReference; fileEncoding = 4; lastKnownFileType = sourcecode.c.h; path = GWBaseNavPage.h; sourceTree = "<group>"; };
		E78271631C39657700A59D6B /* GWBaseNavPage.m */ = {isa = PBXFileReference; fileEncoding = 4; lastKnownFileType = sourcecode.c.objc; path = GWBaseNavPage.m; sourceTree = "<group>"; };
		E78271A71C399C0600A59D6B /* PageInfo.h */ = {isa = PBXFileReference; fileEncoding = 4; lastKnownFileType = sourcecode.c.h; path = PageInfo.h; sourceTree = "<group>"; };
		E78271A81C399C0600A59D6B /* PageInfo.m */ = {isa = PBXFileReference; fileEncoding = 4; lastKnownFileType = sourcecode.c.objc; path = PageInfo.m; sourceTree = "<group>"; };
		E79093041C16C347006A9023 /* GWNews.app */ = {isa = PBXFileReference; explicitFileType = wrapper.application; includeInIndex = 0; path = GWNews.app; sourceTree = BUILT_PRODUCTS_DIR; };
		E79093081C16C347006A9023 /* main.m */ = {isa = PBXFileReference; lastKnownFileType = sourcecode.c.objc; path = main.m; sourceTree = "<group>"; };
		E790930A1C16C347006A9023 /* AppDelegate.h */ = {isa = PBXFileReference; lastKnownFileType = sourcecode.c.h; path = AppDelegate.h; sourceTree = "<group>"; };
		E790930B1C16C347006A9023 /* AppDelegate.m */ = {isa = PBXFileReference; lastKnownFileType = sourcecode.c.objc; path = AppDelegate.m; sourceTree = "<group>"; };
		E790931D1C16C348006A9023 /* GWNewsTests.xctest */ = {isa = PBXFileReference; explicitFileType = wrapper.cfbundle; includeInIndex = 0; path = GWNewsTests.xctest; sourceTree = BUILT_PRODUCTS_DIR; };
		E79093211C16C348006A9023 /* GWNewsTests.m */ = {isa = PBXFileReference; lastKnownFileType = sourcecode.c.objc; path = GWNewsTests.m; sourceTree = "<group>"; };
		E79093231C16C348006A9023 /* Info.plist */ = {isa = PBXFileReference; lastKnownFileType = text.plist.xml; path = Info.plist; sourceTree = "<group>"; };
		E79093281C16C348006A9023 /* GWNewsUITests.xctest */ = {isa = PBXFileReference; explicitFileType = wrapper.cfbundle; includeInIndex = 0; path = GWNewsUITests.xctest; sourceTree = BUILT_PRODUCTS_DIR; };
		E790932C1C16C348006A9023 /* GWNewsUITests.m */ = {isa = PBXFileReference; lastKnownFileType = sourcecode.c.objc; path = GWNewsUITests.m; sourceTree = "<group>"; };
		E790932E1C16C348006A9023 /* Info.plist */ = {isa = PBXFileReference; lastKnownFileType = text.plist.xml; path = Info.plist; sourceTree = "<group>"; };
		E790933A1C16C9D1006A9023 /* Readme */ = {isa = PBXFileReference; lastKnownFileType = text; path = Readme; sourceTree = "<group>"; };
		E790934D1C16D3B8006A9023 /* Defines.h */ = {isa = PBXFileReference; lastKnownFileType = sourcecode.c.h; path = Defines.h; sourceTree = "<group>"; };
		E79158F11C21A8BF00F61B7E /* GWJSON.h */ = {isa = PBXFileReference; fileEncoding = 4; lastKnownFileType = sourcecode.c.h; path = GWJSON.h; sourceTree = "<group>"; };
		E79158F21C21A8BF00F61B7E /* GWJSON.m */ = {isa = PBXFileReference; fileEncoding = 4; lastKnownFileType = sourcecode.c.objc; path = GWJSON.m; sourceTree = "<group>"; };
		E79158F31C21A8BF00F61B7E /* GWJsonBase.h */ = {isa = PBXFileReference; fileEncoding = 4; lastKnownFileType = sourcecode.c.h; path = GWJsonBase.h; sourceTree = "<group>"; };
		E79158F41C21A8BF00F61B7E /* GWJsonBase.m */ = {isa = PBXFileReference; fileEncoding = 4; lastKnownFileType = sourcecode.c.objc; path = GWJsonBase.m; sourceTree = "<group>"; };
		E79158F51C21A8BF00F61B7E /* GWJsonParser.h */ = {isa = PBXFileReference; fileEncoding = 4; lastKnownFileType = sourcecode.c.h; path = GWJsonParser.h; sourceTree = "<group>"; };
		E79158F61C21A8BF00F61B7E /* GWJsonParser.m */ = {isa = PBXFileReference; fileEncoding = 4; lastKnownFileType = sourcecode.c.objc; path = GWJsonParser.m; sourceTree = "<group>"; };
		E79158F71C21A8BF00F61B7E /* GWJsonUtility.h */ = {isa = PBXFileReference; fileEncoding = 4; lastKnownFileType = sourcecode.c.h; path = GWJsonUtility.h; sourceTree = "<group>"; };
		E79158F81C21A8BF00F61B7E /* GWJsonUtility.m */ = {isa = PBXFileReference; fileEncoding = 4; lastKnownFileType = sourcecode.c.objc; path = GWJsonUtility.m; sourceTree = "<group>"; };
		E79158F91C21A8BF00F61B7E /* GWJsonWriter.h */ = {isa = PBXFileReference; fileEncoding = 4; lastKnownFileType = sourcecode.c.h; path = GWJsonWriter.h; sourceTree = "<group>"; };
		E79158FA1C21A8BF00F61B7E /* GWJsonWriter.m */ = {isa = PBXFileReference; fileEncoding = 4; lastKnownFileType = sourcecode.c.objc; path = GWJsonWriter.m; sourceTree = "<group>"; };
		E79DB9971C4E504A00B07FE5 /* DetailImageInfo.h */ = {isa = PBXFileReference; fileEncoding = 4; lastKnownFileType = sourcecode.c.h; path = DetailImageInfo.h; sourceTree = "<group>"; };
		E79DB9981C4E504A00B07FE5 /* DetailImageInfo.m */ = {isa = PBXFileReference; fileEncoding = 4; lastKnownFileType = sourcecode.c.objc; path = DetailImageInfo.m; sourceTree = "<group>"; };
		E7A0A4621C1EF900003662CA /* Info.plist */ = {isa = PBXFileReference; fileEncoding = 4; lastKnownFileType = text.plist.xml; path = Info.plist; sourceTree = "<group>"; };
		E7A0A4641C1EF927003662CA /* GwNews-Prefix.pch */ = {isa = PBXFileReference; lastKnownFileType = sourcecode.c.h; path = "GwNews-Prefix.pch"; sourceTree = "<group>"; };
		E7AD5C161C45038C00160CED /* DiscoveryPage.h */ = {isa = PBXFileReference; fileEncoding = 4; lastKnownFileType = sourcecode.c.h; path = DiscoveryPage.h; sourceTree = "<group>"; };
		E7AD5C171C45038C00160CED /* DiscoveryPage.m */ = {isa = PBXFileReference; fileEncoding = 4; lastKnownFileType = sourcecode.c.objc; path = DiscoveryPage.m; sourceTree = "<group>"; };
		E7AD5C181C45038C00160CED /* MyPage.h */ = {isa = PBXFileReference; fileEncoding = 4; lastKnownFileType = sourcecode.c.h; path = MyPage.h; sourceTree = "<group>"; };
		E7AD5C191C45038C00160CED /* MyPage.m */ = {isa = PBXFileReference; fileEncoding = 4; lastKnownFileType = sourcecode.c.objc; path = MyPage.m; sourceTree = "<group>"; };
		E7AD5C1A1C45038C00160CED /* ReaderPage.h */ = {isa = PBXFileReference; fileEncoding = 4; lastKnownFileType = sourcecode.c.h; path = ReaderPage.h; sourceTree = "<group>"; };
		E7AD5C1B1C45038C00160CED /* ReaderPage.m */ = {isa = PBXFileReference; fileEncoding = 4; lastKnownFileType = sourcecode.c.objc; path = ReaderPage.m; sourceTree = "<group>"; };
		E7AD5C1C1C45038C00160CED /* VoicePage.h */ = {isa = PBXFileReference; fileEncoding = 4; lastKnownFileType = sourcecode.c.h; path = VoicePage.h; sourceTree = "<group>"; };
		E7AD5C1D1C45038C00160CED /* VoicePage.m */ = {isa = PBXFileReference; fileEncoding = 4; lastKnownFileType = sourcecode.c.objc; path = VoicePage.m; sourceTree = "<group>"; };
		E7BBB4E31C42BEA000959549 /* GWDownload.h */ = {isa = PBXFileReference; fileEncoding = 4; lastKnownFileType = sourcecode.c.h; path = GWDownload.h; sourceTree = "<group>"; };
		E7BBB4E41C42BEA000959549 /* GWDownload.m */ = {isa = PBXFileReference; fileEncoding = 4; lastKnownFileType = sourcecode.c.objc; path = GWDownload.m; sourceTree = "<group>"; };
		E7CC33941C3AD10400A027E0 /* GWBaseWidget.h */ = {isa = PBXFileReference; fileEncoding = 4; lastKnownFileType = sourcecode.c.h; path = GWBaseWidget.h; sourceTree = "<group>"; };
		E7CC33951C3AD10400A027E0 /* GWBaseWidget.m */ = {isa = PBXFileReference; fileEncoding = 4; lastKnownFileType = sourcecode.c.objc; path = GWBaseWidget.m; sourceTree = "<group>"; };
		E7CC33971C3AD12F00A027E0 /* ColumnBarWidget.h */ = {isa = PBXFileReference; fileEncoding = 4; lastKnownFileType = sourcecode.c.h; path = ColumnBarWidget.h; sourceTree = "<group>"; };
		E7CC33981C3AD12F00A027E0 /* ColumnBarWidget.m */ = {isa = PBXFileReference; fileEncoding = 4; lastKnownFileType = sourcecode.c.objc; path = ColumnBarWidget.m; sourceTree = "<group>"; };
		E7D6E0431C22ECF200F7C298 /* BaseInfo.h */ = {isa = PBXFileReference; fileEncoding = 4; lastKnownFileType = sourcecode.c.h; path = BaseInfo.h; sourceTree = "<group>"; };
		E7D6E0441C22ECF200F7C298 /* BaseInfo.m */ = {isa = PBXFileReference; fileEncoding = 4; lastKnownFileType = sourcecode.c.objc; path = BaseInfo.m; sourceTree = "<group>"; };
		E7D6E0461C22ED1600F7C298 /* AdvertInfo.h */ = {isa = PBXFileReference; fileEncoding = 4; lastKnownFileType = sourcecode.c.h; path = AdvertInfo.h; sourceTree = "<group>"; };
		E7D6E0471C22ED1600F7C298 /* AdvertInfo.m */ = {isa = PBXFileReference; fileEncoding = 4; lastKnownFileType = sourcecode.c.objc; path = AdvertInfo.m; sourceTree = "<group>"; };
		E7D6E0491C22ED2C00F7C298 /* ColumnInfo.h */ = {isa = PBXFileReference; fileEncoding = 4; lastKnownFileType = sourcecode.c.h; path = ColumnInfo.h; sourceTree = "<group>"; };
		E7D6E04A1C22ED2C00F7C298 /* ColumnInfo.m */ = {isa = PBXFileReference; fileEncoding = 4; lastKnownFileType = sourcecode.c.objc; path = ColumnInfo.m; sourceTree = "<group>"; };
		E7D6E04C1C22ED4100F7C298 /* NewsInfo.h */ = {isa = PBXFileReference; fileEncoding = 4; lastKnownFileType = sourcecode.c.h; path = NewsInfo.h; sourceTree = "<group>"; };
		E7D6E04D1C22ED4100F7C298 /* NewsInfo.m */ = {isa = PBXFileReference; fileEncoding = 4; lastKnownFileType = sourcecode.c.objc; path = NewsInfo.m; sourceTree = "<group>"; };
		E7D738961C27EBEB002EE70D /* URLDefine.h */ = {isa = PBXFileReference; fileEncoding = 4; lastKnownFileType = sourcecode.c.h; path = URLDefine.h; sourceTree = "<group>"; };
		E7D738971C27F2EF002EE70D /* GWNetworkOperation.h */ = {isa = PBXFileReference; fileEncoding = 4; lastKnownFileType = sourcecode.c.h; path = GWNetworkOperation.h; sourceTree = "<group>"; };
		E7D738981C27F2EF002EE70D /* GWNetworkOperation.m */ = {isa = PBXFileReference; fileEncoding = 4; lastKnownFileType = sourcecode.c.objc; path = GWNetworkOperation.m; sourceTree = "<group>"; };
		E7D7389A1C27F366002EE70D /* GWGetAdvert.h */ = {isa = PBXFileReference; fileEncoding = 4; lastKnownFileType = sourcecode.c.h; path = GWGetAdvert.h; sourceTree = "<group>"; };
		E7D7389B1C27F366002EE70D /* GWGetAdvert.m */ = {isa = PBXFileReference; fileEncoding = 4; lastKnownFileType = sourcecode.c.objc; path = GWGetAdvert.m; sourceTree = "<group>"; };
		E7D738A01C27F397002EE70D /* GWGetNews.h */ = {isa = PBXFileReference; fileEncoding = 4; lastKnownFileType = sourcecode.c.h; path = GWGetNews.h; sourceTree = "<group>"; };
		E7D738A11C27F397002EE70D /* GWGetNews.m */ = {isa = PBXFileReference; fileEncoding = 4; lastKnownFileType = sourcecode.c.objc; path = GWGetNews.m; sourceTree = "<group>"; };
		E7DBF51D1C353B6D00B84626 /* GWBaseViewController.h */ = {isa = PBXFileReference; fileEncoding = 4; lastKnownFileType = sourcecode.c.h; path = GWBaseViewController.h; sourceTree = "<group>"; };
		E7DBF51E1C353B6D00B84626 /* GWBaseViewController.m */ = {isa = PBXFileReference; fileEncoding = 4; lastKnownFileType = sourcecode.c.objc; path = GWBaseViewController.m; sourceTree = "<group>"; };
		E7DBF5231C353BF400B84626 /* AdvertPage.h */ = {isa = PBXFileReference; fileEncoding = 4; lastKnownFileType = sourcecode.c.h; path = AdvertPage.h; sourceTree = "<group>"; };
		E7DBF5241C353BF400B84626 /* AdvertPage.m */ = {isa = PBXFileReference; fileEncoding = 4; lastKnownFileType = sourcecode.c.objc; path = AdvertPage.m; sourceTree = "<group>"; };
		E7DBF5261C357F0200B84626 /* GWActivity.h */ = {isa = PBXFileReference; fileEncoding = 4; lastKnownFileType = sourcecode.c.h; path = GWActivity.h; sourceTree = "<group>"; };
		E7DBF5271C357F0200B84626 /* GWActivity.m */ = {isa = PBXFileReference; fileEncoding = 4; lastKnownFileType = sourcecode.c.objc; path = GWActivity.m; sourceTree = "<group>"; };
		E7DBF5281C357F0200B84626 /* GWActivityIndicator.h */ = {isa = PBXFileReference; fileEncoding = 4; lastKnownFileType = sourcecode.c.h; path = GWActivityIndicator.h; sourceTree = "<group>"; };
		E7DBF5291C357F0200B84626 /* GWActivityIndicator.m */ = {isa = PBXFileReference; fileEncoding = 4; lastKnownFileType = sourcecode.c.objc; path = GWActivityIndicator.m; sourceTree = "<group>"; };
		E7DBF5341C35CF3B00B84626 /* GWGetImage.h */ = {isa = PBXFileReference; fileEncoding = 4; lastKnownFileType = sourcecode.c.h; path = GWGetImage.h; sourceTree = "<group>"; };
		E7DBF5351C35CF3B00B84626 /* GWGetImage.m */ = {isa = PBXFileReference; fileEncoding = 4; lastKnownFileType = sourcecode.c.objc; path = GWGetImage.m; sourceTree = "<group>"; };
		E7F5173A1C3D057100C1B4D8 /* NewsColumn.plist */ = {isa = PBXFileReference; fileEncoding = 4; lastKnownFileType = text.plist.xml; path = NewsColumn.plist; sourceTree = "<group>"; };
		E7F5173B1C3D057100C1B4D8 /* TabBarPages.plist */ = {isa = PBXFileReference; fileEncoding = 4; lastKnownFileType = text.plist.xml; path = TabBarPages.plist; sourceTree = "<group>"; };
		E7F517581C3D057100C1B4D8 /* AdvertPage.xib */ = {isa = PBXFileReference; fileEncoding = 4; lastKnownFileType = file.xib; path = AdvertPage.xib; sourceTree = "<group>"; };
		E7F517591C3D057100C1B4D8 /* ColumnBarWidget.xib */ = {isa = PBXFileReference; fileEncoding = 4; lastKnownFileType = file.xib; path = ColumnBarWidget.xib; sourceTree = "<group>"; };
		E7F5175A1C3D057100C1B4D8 /* NewsPage.xib */ = {isa = PBXFileReference; fileEncoding = 4; lastKnownFileType = file.xib; path = NewsPage.xib; sourceTree = "<group>"; };
		E7F517761C3D9D2000C1B4D8 /* GWLandscapeTableView.h */ = {isa = PBXFileReference; fileEncoding = 4; lastKnownFileType = sourcecode.c.h; path = GWLandscapeTableView.h; sourceTree = "<group>"; };
		E7F517771C3D9D2000C1B4D8 /* GWLandscapeTableView.m */ = {isa = PBXFileReference; fileEncoding = 4; lastKnownFileType = sourcecode.c.objc; path = GWLandscapeTableView.m; sourceTree = "<group>"; };
		E7F517791C3D9EA800C1B4D8 /* GWLandscapeCell.h */ = {isa = PBXFileReference; fileEncoding = 4; lastKnownFileType = sourcecode.c.h; path = GWLandscapeCell.h; sourceTree = "<group>"; };
		E7F5177A1C3D9EA800C1B4D8 /* GWLandscapeCell.m */ = {isa = PBXFileReference; fileEncoding = 4; lastKnownFileType = sourcecode.c.objc; path = GWLandscapeCell.m; sourceTree = "<group>"; };
		E7F5177C1C3EFD2900C1B4D8 /* NewsWidget.h */ = {isa = PBXFileReference; fileEncoding = 4; lastKnownFileType = sourcecode.c.h; path = NewsWidget.h; sourceTree = "<group>"; };
		E7F5177D1C3EFD2900C1B4D8 /* NewsWidget.m */ = {isa = PBXFileReference; fileEncoding = 4; lastKnownFileType = sourcecode.c.objc; path = NewsWidget.m; sourceTree = "<group>"; };
		E7F5177F1C3EFD6700C1B4D8 /* NewsTableViewCell.h */ = {isa = PBXFileReference; fileEncoding = 4; lastKnownFileType = sourcecode.c.h; path = NewsTableViewCell.h; sourceTree = "<group>"; };
		E7F517801C3EFD6700C1B4D8 /* NewsTableViewCell.m */ = {isa = PBXFileReference; fileEncoding = 4; lastKnownFileType = sourcecode.c.objc; path = NewsTableViewCell.m; sourceTree = "<group>"; };
		E7F517821C3FA72000C1B4D8 /* NewsWidget.xib */ = {isa = PBXFileReference; fileEncoding = 4; lastKnownFileType = file.xib; path = NewsWidget.xib; sourceTree = "<group>"; };
		E7F517841C3FA72C00C1B4D8 /* NewsTableViewCell.xib */ = {isa = PBXFileReference; fileEncoding = 4; lastKnownFileType = file.xib; path = NewsTableViewCell.xib; sourceTree = "<group>"; };
		E7F517881C3FAB8900C1B4D8 /* Assets.xcassets */ = {isa = PBXFileReference; lastKnownFileType = folder.assetcatalog; path = Assets.xcassets; sourceTree = "<group>"; };
		E7F5178B1C3FAB8900C1B4D8 /* ColumnBarLeft@2x.png */ = {isa = PBXFileReference; lastKnownFileType = image.png; path = "ColumnBarLeft@2x.png"; sourceTree = "<group>"; };
		E7F5178C1C3FAB8900C1B4D8 /* ColumnBarRight@2x.png */ = {isa = PBXFileReference; lastKnownFileType = image.png; path = "ColumnBarRight@2x.png"; sourceTree = "<group>"; };
		E7F5178E1C3FAB8900C1B4D8 /* NavigationBackBlack@2x.png */ = {isa = PBXFileReference; lastKnownFileType = image.png; path = "NavigationBackBlack@2x.png"; sourceTree = "<group>"; };
		E7F5178F1C3FAB8900C1B4D8 /* NavigationBackWhite@2x.png */ = {isa = PBXFileReference; lastKnownFileType = image.png; path = "NavigationBackWhite@2x.png"; sourceTree = "<group>"; };
		E7F517901C3FAB8900C1B4D8 /* NavigationBarIcon@2x.png */ = {isa = PBXFileReference; lastKnownFileType = image.png; path = "NavigationBarIcon@2x.png"; sourceTree = "<group>"; };
		E7F517911C3FAB8900C1B4D8 /* NavigationBarRed44@2x.png */ = {isa = PBXFileReference; lastKnownFileType = image.png; path = "NavigationBarRed44@2x.png"; sourceTree = "<group>"; };
		E7F517921C3FAB8900C1B4D8 /* NavigationBarRed64@2x.png */ = {isa = PBXFileReference; lastKnownFileType = image.png; path = "NavigationBarRed64@2x.png"; sourceTree = "<group>"; };
		E7F517931C3FAB8900C1B4D8 /* NavigationBarWhite44@2x.png */ = {isa = PBXFileReference; lastKnownFileType = image.png; path = "NavigationBarWhite44@2x.png"; sourceTree = "<group>"; };
		E7F517941C3FAB8900C1B4D8 /* NavigationBarWhite64@2x.png */ = {isa = PBXFileReference; lastKnownFileType = image.png; path = "NavigationBarWhite64@2x.png"; sourceTree = "<group>"; };
		E7F517951C3FAB8900C1B4D8 /* NavigationBell@2x.png */ = {isa = PBXFileReference; lastKnownFileType = image.png; path = "NavigationBell@2x.png"; sourceTree = "<group>"; };
		E7F517961C3FAB8900C1B4D8 /* NavigationSquare@2x.png */ = {isa = PBXFileReference; lastKnownFileType = image.png; path = "NavigationSquare@2x.png"; sourceTree = "<group>"; };
		E7F517981C3FAB8900C1B4D8 /* DiscoveryIcon@2x.png */ = {isa = PBXFileReference; lastKnownFileType = image.png; path = "DiscoveryIcon@2x.png"; sourceTree = "<group>"; };
		E7F517991C3FAB8900C1B4D8 /* DiscoveryIconSelect@2x.png */ = {isa = PBXFileReference; lastKnownFileType = image.png; path = "DiscoveryIconSelect@2x.png"; sourceTree = "<group>"; };
		E7F5179A1C3FAB8900C1B4D8 /* MyIcon@2x.png */ = {isa = PBXFileReference; lastKnownFileType = image.png; path = "MyIcon@2x.png"; sourceTree = "<group>"; };
		E7F5179B1C3FAB8900C1B4D8 /* MyIconSelect@2x.png */ = {isa = PBXFileReference; lastKnownFileType = image.png; path = "MyIconSelect@2x.png"; sourceTree = "<group>"; };
		E7F5179C1C3FAB8900C1B4D8 /* NewsIcon@2x.png */ = {isa = PBXFileReference; lastKnownFileType = image.png; path = "NewsIcon@2x.png"; sourceTree = "<group>"; };
		E7F5179D1C3FAB8900C1B4D8 /* NewsIconSelect@2x.png */ = {isa = PBXFileReference; lastKnownFileType = image.png; path = "NewsIconSelect@2x.png"; sourceTree = "<group>"; };
		E7F5179E1C3FAB8900C1B4D8 /* ReaderIcon@2x.png */ = {isa = PBXFileReference; lastKnownFileType = image.png; path = "ReaderIcon@2x.png"; sourceTree = "<group>"; };
		E7F5179F1C3FAB8900C1B4D8 /* ReaderIconSelect@2x.png */ = {isa = PBXFileReference; lastKnownFileType = image.png; path = "ReaderIconSelect@2x.png"; sourceTree = "<group>"; };
		E7F517A01C3FAB8900C1B4D8 /* VoiceIcon@2x.png */ = {isa = PBXFileReference; lastKnownFileType = image.png; path = "VoiceIcon@2x.png"; sourceTree = "<group>"; };
		E7F517A11C3FAB8900C1B4D8 /* VoiceIconSelect@2x.png */ = {isa = PBXFileReference; lastKnownFileType = image.png; path = "VoiceIconSelect@2x.png"; sourceTree = "<group>"; };
		E7F517B81C3FABA200C1B4D8 /* NewsDefault@2x.png */ = {isa = PBXFileReference; lastKnownFileType = image.png; path = "NewsDefault@2x.png"; sourceTree = "<group>"; };
/* End PBXFileReference section */

/* Begin PBXFrameworksBuildPhase section */
		E79093011C16C347006A9023 /* Frameworks */ = {
			isa = PBXFrameworksBuildPhase;
			buildActionMask = 2147483647;
			files = (
			);
			runOnlyForDeploymentPostprocessing = 0;
		};
		E790931A1C16C348006A9023 /* Frameworks */ = {
			isa = PBXFrameworksBuildPhase;
			buildActionMask = 2147483647;
			files = (
			);
			runOnlyForDeploymentPostprocessing = 0;
		};
		E79093251C16C348006A9023 /* Frameworks */ = {
			isa = PBXFrameworksBuildPhase;
			buildActionMask = 2147483647;
			files = (
			);
			runOnlyForDeploymentPostprocessing = 0;
		};
/* End PBXFrameworksBuildPhase section */

/* Begin PBXGroup section */
		E79092FB1C16C347006A9023 = {
			isa = PBXGroup;
			children = (
				E790933A1C16C9D1006A9023 /* Readme */,
				E79093061C16C347006A9023 /* GWNews */,
				E79093201C16C348006A9023 /* GWNewsTests */,
				E790932B1C16C348006A9023 /* GWNewsUITests */,
				E79093051C16C347006A9023 /* Products */,
			);
			sourceTree = "<group>";
		};
		E79093051C16C347006A9023 /* Products */ = {
			isa = PBXGroup;
			children = (
				E79093041C16C347006A9023 /* GWNews.app */,
				E790931D1C16C348006A9023 /* GWNewsTests.xctest */,
				E79093281C16C348006A9023 /* GWNewsUITests.xctest */,
			);
			name = Products;
			sourceTree = "<group>";
		};
		E79093061C16C347006A9023 /* GWNews */ = {
			isa = PBXGroup;
			children = (
				E790933B1C16CEAE006A9023 /* Global */,
				E790933C1C16CEB9006A9023 /* Model */,
				E79093441C16CF19006A9023 /* Operation */,
				E79093431C16CF11006A9023 /* View */,
				E79093421C16CF0C006A9023 /* DB */,
				E79093411C16CF03006A9023 /* Utility */,
				E79093401C16CEF7006A9023 /* ThirdSDK */,
				E790933F1C16CEEB006A9023 /* Define */,
				E790930A1C16C347006A9023 /* AppDelegate.h */,
				E790930B1C16C347006A9023 /* AppDelegate.m */,
				E7F517381C3D057100C1B4D8 /* Resources */,
				E7A0A4621C1EF900003662CA /* Info.plist */,
				E79093071C16C347006A9023 /* Supporting Files */,
				E790933D1C16CECA006A9023 /* Frameworks */,
			);
			path = GWNews;
			sourceTree = "<group>";
		};
		E79093071C16C347006A9023 /* Supporting Files */ = {
			isa = PBXGroup;
			children = (
				E7A0A4641C1EF927003662CA /* GwNews-Prefix.pch */,
				E79093081C16C347006A9023 /* main.m */,
			);
			path = "Supporting Files";
			sourceTree = "<group>";
		};
		E79093201C16C348006A9023 /* GWNewsTests */ = {
			isa = PBXGroup;
			children = (
				E79093211C16C348006A9023 /* GWNewsTests.m */,
				E79093231C16C348006A9023 /* Info.plist */,
			);
			path = GWNewsTests;
			sourceTree = "<group>";
		};
		E790932B1C16C348006A9023 /* GWNewsUITests */ = {
			isa = PBXGroup;
			children = (
				E790932C1C16C348006A9023 /* GWNewsUITests.m */,
				E790932E1C16C348006A9023 /* Info.plist */,
			);
			path = GWNewsUITests;
			sourceTree = "<group>";
		};
		E790933B1C16CEAE006A9023 /* Global */ = {
			isa = PBXGroup;
			children = (
				E77F90171C36C82A00FAF680 /* GWGlobal.h */,
				E77F90181C36C82A00FAF680 /* GWGlobal.m */,
				E7BBB4E31C42BEA000959549 /* GWDownload.h */,
				E7BBB4E41C42BEA000959549 /* GWDownload.m */,
			);
			path = Global;
			sourceTree = "<group>";
		};
		E790933C1C16CEB9006A9023 /* Model */ = {
			isa = PBXGroup;
			children = (
				E7D6E0431C22ECF200F7C298 /* BaseInfo.h */,
				E7D6E0441C22ECF200F7C298 /* BaseInfo.m */,
				E7D6E0461C22ED1600F7C298 /* AdvertInfo.h */,
				E7D6E0471C22ED1600F7C298 /* AdvertInfo.m */,
				E7D6E0491C22ED2C00F7C298 /* ColumnInfo.h */,
				E7D6E04A1C22ED2C00F7C298 /* ColumnInfo.m */,
				E7D6E04C1C22ED4100F7C298 /* NewsInfo.h */,
				E7D6E04D1C22ED4100F7C298 /* NewsInfo.m */,
				E78271A71C399C0600A59D6B /* PageInfo.h */,
				E78271A81C399C0600A59D6B /* PageInfo.m */,
				E761548E1C44360500302D32 /* DetailInfo.h */,
				E761548F1C44360500302D32 /* DetailInfo.m */,
				E79DB9971C4E504A00B07FE5 /* DetailImageInfo.h */,
				E79DB9981C4E504A00B07FE5 /* DetailImageInfo.m */,
			);
			path = Model;
			sourceTree = "<group>";
		};
		E790933D1C16CECA006A9023 /* Frameworks */ = {
			isa = PBXGroup;
			children = (
			);
			path = Frameworks;
			sourceTree = "<group>";
		};
		E790933F1C16CEEB006A9023 /* Define */ = {
			isa = PBXGroup;
			children = (
				E790934D1C16D3B8006A9023 /* Defines.h */,
				E7D738961C27EBEB002EE70D /* URLDefine.h */,
			);
			path = Define;
			sourceTree = "<group>";
		};
		E79093401C16CEF7006A9023 /* ThirdSDK */ = {
			isa = PBXGroup;
			children = (
				E79158F01C21A8BF00F61B7E /* JsonFramework */,
			);
			path = ThirdSDK;
			sourceTree = "<group>";
		};
		E79093411C16CF03006A9023 /* Utility */ = {
			isa = PBXGroup;
			children = (
				E7DBF5261C357F0200B84626 /* GWActivity.h */,
				E7DBF5271C357F0200B84626 /* GWActivity.m */,
				E7DBF5281C357F0200B84626 /* GWActivityIndicator.h */,
				E7DBF5291C357F0200B84626 /* GWActivityIndicator.m */,
				E77F90081C36BDC300FAF680 /* GWAppSetting.h */,
				E77F90091C36BDC300FAF680 /* GWAppSetting.m */,
				E77F900A1C36BDC300FAF680 /* GWButtonHelper.h */,
				E77F900B1C36BDC300FAF680 /* GWButtonHelper.m */,
				E77F900C1C36BDC300FAF680 /* GWDate.h */,
				E77F900D1C36BDC300FAF680 /* GWDate.m */,
				E77F900E1C36BDC300FAF680 /* GWFileUtility.h */,
				E77F900F1C36BDC300FAF680 /* GWFileUtility.m */,
				E77F90101C36BDC300FAF680 /* GWString.h */,
				E77F90111C36BDC300FAF680 /* GWString.m */,
			);
			path = Utility;
			sourceTree = "<group>";
		};
		E79093421C16CF0C006A9023 /* DB */ = {
			isa = PBXGroup;
			children = (
			);
			path = DB;
			sourceTree = "<group>";
		};
		E79093431C16CF11006A9023 /* View */ = {
			isa = PBXGroup;
			children = (
				E7DBF51D1C353B6D00B84626 /* GWBaseViewController.h */,
				E7DBF51E1C353B6D00B84626 /* GWBaseViewController.m */,
				E782715F1C39068F00A59D6B /* HomeTabBarController.h */,
				E78271601C39068F00A59D6B /* HomeTabBarController.m */,
				E78271621C39657700A59D6B /* GWBaseNavPage.h */,
				E78271631C39657700A59D6B /* GWBaseNavPage.m */,
				E79093451C16CF9C006A9023 /* Page */,
				E79093481C16CFB1006A9023 /* Widget */,
				E79093471C16CFAC006A9023 /* Cell */,
			);
			path = View;
			sourceTree = "<group>";
		};
		E79093441C16CF19006A9023 /* Operation */ = {
			isa = PBXGroup;
			children = (
				E7D738971C27F2EF002EE70D /* GWNetworkOperation.h */,
				E7D738981C27F2EF002EE70D /* GWNetworkOperation.m */,
				E7D7389A1C27F366002EE70D /* GWGetAdvert.h */,
				E7D7389B1C27F366002EE70D /* GWGetAdvert.m */,
				E7D738A01C27F397002EE70D /* GWGetNews.h */,
				E7D738A11C27F397002EE70D /* GWGetNews.m */,
				E7DBF5341C35CF3B00B84626 /* GWGetImage.h */,
				E7DBF5351C35CF3B00B84626 /* GWGetImage.m */,
				E761548B1C4435D800302D32 /* GWGetDetail.h */,
				E761548C1C4435D800302D32 /* GWGetDetail.m */,
			);
			path = Operation;
			sourceTree = "<group>";
		};
		E79093451C16CF9C006A9023 /* Page */ = {
			isa = PBXGroup;
			children = (
				E7DBF5231C353BF400B84626 /* AdvertPage.h */,
				E7DBF5241C353BF400B84626 /* AdvertPage.m */,
				E724A0E71C381E86007154C8 /* NewsPage.h */,
				E724A0E81C381E86007154C8 /* NewsPage.m */,
				E724A0F61C381EE6007154C8 /* DetailPage.h */,
				E724A0F71C381EE6007154C8 /* DetailPage.m */,
				E7AD5C161C45038C00160CED /* DiscoveryPage.h */,
				E7AD5C171C45038C00160CED /* DiscoveryPage.m */,
				E7AD5C181C45038C00160CED /* MyPage.h */,
				E7AD5C191C45038C00160CED /* MyPage.m */,
				E7AD5C1A1C45038C00160CED /* ReaderPage.h */,
				E7AD5C1B1C45038C00160CED /* ReaderPage.m */,
				E7AD5C1C1C45038C00160CED /* VoicePage.h */,
				E7AD5C1D1C45038C00160CED /* VoicePage.m */,
			);
			path = Page;
			sourceTree = "<group>";
		};
		E79093471C16CFAC006A9023 /* Cell */ = {
			isa = PBXGroup;
			children = (
				E7F517791C3D9EA800C1B4D8 /* GWLandscapeCell.h */,
				E7F5177A1C3D9EA800C1B4D8 /* GWLandscapeCell.m */,
				E7F5177F1C3EFD6700C1B4D8 /* NewsTableViewCell.h */,
				E7F517801C3EFD6700C1B4D8 /* NewsTableViewCell.m */,
			);
			path = Cell;
			sourceTree = "<group>";
		};
		E79093481C16CFB1006A9023 /* Widget */ = {
			isa = PBXGroup;
			children = (
				E7CC33941C3AD10400A027E0 /* GWBaseWidget.h */,
				E7CC33951C3AD10400A027E0 /* GWBaseWidget.m */,
				E7CC33971C3AD12F00A027E0 /* ColumnBarWidget.h */,
				E7CC33981C3AD12F00A027E0 /* ColumnBarWidget.m */,
				E7F517761C3D9D2000C1B4D8 /* GWLandscapeTableView.h */,
				E7F517771C3D9D2000C1B4D8 /* GWLandscapeTableView.m */,
				E7F5177C1C3EFD2900C1B4D8 /* NewsWidget.h */,
				E7F5177D1C3EFD2900C1B4D8 /* NewsWidget.m */,
			);
			path = Widget;
			sourceTree = "<group>";
		};
		E79158F01C21A8BF00F61B7E /* JsonFramework */ = {
			isa = PBXGroup;
			children = (
				E79158F11C21A8BF00F61B7E /* GWJSON.h */,
				E79158F21C21A8BF00F61B7E /* GWJSON.m */,
				E79158F31C21A8BF00F61B7E /* GWJsonBase.h */,
				E79158F41C21A8BF00F61B7E /* GWJsonBase.m */,
				E79158F51C21A8BF00F61B7E /* GWJsonParser.h */,
				E79158F61C21A8BF00F61B7E /* GWJsonParser.m */,
				E79158F71C21A8BF00F61B7E /* GWJsonUtility.h */,
				E79158F81C21A8BF00F61B7E /* GWJsonUtility.m */,
				E79158F91C21A8BF00F61B7E /* GWJsonWriter.h */,
				E79158FA1C21A8BF00F61B7E /* GWJsonWriter.m */,
			);
			path = JsonFramework;
			sourceTree = "<group>";
		};
		E7F517381C3D057100C1B4D8 /* Resources */ = {
			isa = PBXGroup;
			children = (
				E7F517871C3FAB8900C1B4D8 /* Image */,
				E7F517391C3D057100C1B4D8 /* Config */,
				E7F5173C1C3D057100C1B4D8 /* Html */,
				E7F517571C3D057100C1B4D8 /* Xib */,
			);
			path = Resources;
			sourceTree = "<group>";
		};
		E7F517391C3D057100C1B4D8 /* Config */ = {
			isa = PBXGroup;
			children = (
				E7F5173A1C3D057100C1B4D8 /* NewsColumn.plist */,
				E7F5173B1C3D057100C1B4D8 /* TabBarPages.plist */,
			);
			path = Config;
			sourceTree = "<group>";
		};
		E7F5173C1C3D057100C1B4D8 /* Html */ = {
			isa = PBXGroup;
			children = (
				E76154841C4434A300302D32 /* content_template.html */,
				E76154851C4434A300302D32 /* content.css */,
				E76154861C4434A300302D32 /* content.js */,
			);
			path = Html;
			sourceTree = "<group>";
		};
		E7F517571C3D057100C1B4D8 /* Xib */ = {
			isa = PBXGroup;
			children = (
				E7F517581C3D057100C1B4D8 /* AdvertPage.xib */,
				E7F517591C3D057100C1B4D8 /* ColumnBarWidget.xib */,
				E7F5175A1C3D057100C1B4D8 /* NewsPage.xib */,
				E7F517821C3FA72000C1B4D8 /* NewsWidget.xib */,
				E7F517841C3FA72C00C1B4D8 /* NewsTableViewCell.xib */,
				E76154811C4433E800302D32 /* DetailPage.xib */,
			);
			path = Xib;
			sourceTree = "<group>";
		};
		E7F517871C3FAB8900C1B4D8 /* Image */ = {
			isa = PBXGroup;
			children = (
				E7F517881C3FAB8900C1B4D8 /* Assets.xcassets */,
				E7F517891C3FAB8900C1B4D8 /* Background */,
				E7F5178A1C3FAB8900C1B4D8 /* ColumnBar */,
				E7F5178D1C3FAB8900C1B4D8 /* NavigationBar */,
				E7F517971C3FAB8900C1B4D8 /* TabBar */,
			);
			name = Image;
			path = Html/Image;
			sourceTree = "<group>";
		};
		E7F517891C3FAB8900C1B4D8 /* Background */ = {
			isa = PBXGroup;
			children = (
				E7F517B81C3FABA200C1B4D8 /* NewsDefault@2x.png */,
			);
			path = Background;
			sourceTree = "<group>";
		};
		E7F5178A1C3FAB8900C1B4D8 /* ColumnBar */ = {
			isa = PBXGroup;
			children = (
				E7F5178B1C3FAB8900C1B4D8 /* ColumnBarLeft@2x.png */,
				E7F5178C1C3FAB8900C1B4D8 /* ColumnBarRight@2x.png */,
			);
			path = ColumnBar;
			sourceTree = "<group>";
		};
		E7F5178D1C3FAB8900C1B4D8 /* NavigationBar */ = {
			isa = PBXGroup;
			children = (
				E7F5178E1C3FAB8900C1B4D8 /* NavigationBackBlack@2x.png */,
				E7F5178F1C3FAB8900C1B4D8 /* NavigationBackWhite@2x.png */,
				E7F517901C3FAB8900C1B4D8 /* NavigationBarIcon@2x.png */,
				E7F517911C3FAB8900C1B4D8 /* NavigationBarRed44@2x.png */,
				E7F517921C3FAB8900C1B4D8 /* NavigationBarRed64@2x.png */,
				E7F517931C3FAB8900C1B4D8 /* NavigationBarWhite44@2x.png */,
				E7F517941C3FAB8900C1B4D8 /* NavigationBarWhite64@2x.png */,
				E7F517951C3FAB8900C1B4D8 /* NavigationBell@2x.png */,
				E7F517961C3FAB8900C1B4D8 /* NavigationSquare@2x.png */,
			);
			path = NavigationBar;
			sourceTree = "<group>";
		};
		E7F517971C3FAB8900C1B4D8 /* TabBar */ = {
			isa = PBXGroup;
			children = (
				E7F517981C3FAB8900C1B4D8 /* DiscoveryIcon@2x.png */,
				E7F517991C3FAB8900C1B4D8 /* DiscoveryIconSelect@2x.png */,
				E7F5179A1C3FAB8900C1B4D8 /* MyIcon@2x.png */,
				E7F5179B1C3FAB8900C1B4D8 /* MyIconSelect@2x.png */,
				E7F5179C1C3FAB8900C1B4D8 /* NewsIcon@2x.png */,
				E7F5179D1C3FAB8900C1B4D8 /* NewsIconSelect@2x.png */,
				E7F5179E1C3FAB8900C1B4D8 /* ReaderIcon@2x.png */,
				E7F5179F1C3FAB8900C1B4D8 /* ReaderIconSelect@2x.png */,
				E7F517A01C3FAB8900C1B4D8 /* VoiceIcon@2x.png */,
				E7F517A11C3FAB8900C1B4D8 /* VoiceIconSelect@2x.png */,
			);
			path = TabBar;
			sourceTree = "<group>";
		};
/* End PBXGroup section */

/* Begin PBXNativeTarget section */
		E79093031C16C347006A9023 /* GWNews */ = {
			isa = PBXNativeTarget;
			buildConfigurationList = E79093311C16C348006A9023 /* Build configuration list for PBXNativeTarget "GWNews" */;
			buildPhases = (
				E79093001C16C347006A9023 /* Sources */,
				E79093011C16C347006A9023 /* Frameworks */,
				E79093021C16C347006A9023 /* Resources */,
			);
			buildRules = (
			);
			dependencies = (
			);
			name = GWNews;
			productName = GWNews;
			productReference = E79093041C16C347006A9023 /* GWNews.app */;
			productType = "com.apple.product-type.application";
		};
		E790931C1C16C348006A9023 /* GWNewsTests */ = {
			isa = PBXNativeTarget;
			buildConfigurationList = E79093341C16C348006A9023 /* Build configuration list for PBXNativeTarget "GWNewsTests" */;
			buildPhases = (
				E79093191C16C348006A9023 /* Sources */,
				E790931A1C16C348006A9023 /* Frameworks */,
				E790931B1C16C348006A9023 /* Resources */,
			);
			buildRules = (
			);
			dependencies = (
				E790931F1C16C348006A9023 /* PBXTargetDependency */,
			);
			name = GWNewsTests;
			productName = GWNewsTests;
			productReference = E790931D1C16C348006A9023 /* GWNewsTests.xctest */;
			productType = "com.apple.product-type.bundle.unit-test";
		};
		E79093271C16C348006A9023 /* GWNewsUITests */ = {
			isa = PBXNativeTarget;
			buildConfigurationList = E79093371C16C348006A9023 /* Build configuration list for PBXNativeTarget "GWNewsUITests" */;
			buildPhases = (
				E79093241C16C348006A9023 /* Sources */,
				E79093251C16C348006A9023 /* Frameworks */,
				E79093261C16C348006A9023 /* Resources */,
			);
			buildRules = (
			);
			dependencies = (
				E790932A1C16C348006A9023 /* PBXTargetDependency */,
			);
			name = GWNewsUITests;
			productName = GWNewsUITests;
			productReference = E79093281C16C348006A9023 /* GWNewsUITests.xctest */;
			productType = "com.apple.product-type.bundle.ui-testing";
		};
/* End PBXNativeTarget section */

/* Begin PBXProject section */
		E79092FC1C16C347006A9023 /* Project object */ = {
			isa = PBXProject;
			attributes = {
				LastSwiftUpdateCheck = 0700;
				LastUpgradeCheck = 0720;
				ORGANIZATIONNAME = guowei;
				TargetAttributes = {
					E79093031C16C347006A9023 = {
						CreatedOnToolsVersion = 7.0;
						DevelopmentTeam = 99EZE47GD2;
					};
					E790931C1C16C348006A9023 = {
						CreatedOnToolsVersion = 7.0;
						DevelopmentTeam = 99EZE47GD2;
						TestTargetID = E79093031C16C347006A9023;
					};
					E79093271C16C348006A9023 = {
						CreatedOnToolsVersion = 7.0;
						DevelopmentTeam = 99EZE47GD2;
						TestTargetID = E79093031C16C347006A9023;
					};
				};
			};
			buildConfigurationList = E79092FF1C16C347006A9023 /* Build configuration list for PBXProject "GWNews" */;
			compatibilityVersion = "Xcode 3.2";
			developmentRegion = English;
			hasScannedForEncodings = 0;
			knownRegions = (
				en,
				Base,
			);
			mainGroup = E79092FB1C16C347006A9023;
			productRefGroup = E79093051C16C347006A9023 /* Products */;
			projectDirPath = "";
			projectRoot = "";
			targets = (
				E79093031C16C347006A9023 /* GWNews */,
				E790931C1C16C348006A9023 /* GWNewsTests */,
				E79093271C16C348006A9023 /* GWNewsUITests */,
			);
		};
/* End PBXProject section */

/* Begin PBXResourcesBuildPhase section */
		E79093021C16C347006A9023 /* Resources */ = {
			isa = PBXResourcesBuildPhase;
			buildActionMask = 2147483647;
			files = (
				E7F517741C3D057100C1B4D8 /* ColumnBarWidget.xib in Resources */,
				E7F517B11C3FAB8900C1B4D8 /* MyIconSelect@2x.png in Resources */,
				E7F517B21C3FAB8900C1B4D8 /* NewsIcon@2x.png in Resources */,
				E7F5175B1C3D057100C1B4D8 /* NewsColumn.plist in Resources */,
				E7F517AE1C3FAB8900C1B4D8 /* DiscoveryIcon@2x.png in Resources */,
				E7F517B91C3FABA200C1B4D8 /* NewsDefault@2x.png in Resources */,
				E7F517B31C3FAB8900C1B4D8 /* NewsIconSelect@2x.png in Resources */,
				E7F517731C3D057100C1B4D8 /* AdvertPage.xib in Resources */,
				E7F517751C3D057100C1B4D8 /* NewsPage.xib in Resources */,
				E7F517B61C3FAB8900C1B4D8 /* VoiceIcon@2x.png in Resources */,
				E7F517AF1C3FAB8900C1B4D8 /* DiscoveryIconSelect@2x.png in Resources */,
				E7F5175C1C3D057100C1B4D8 /* TabBarPages.plist in Resources */,
				E7F517A71C3FAB8900C1B4D8 /* NavigationBarIcon@2x.png in Resources */,
				E7F517AA1C3FAB8900C1B4D8 /* NavigationBarWhite44@2x.png in Resources */,
				E7F517A61C3FAB8900C1B4D8 /* NavigationBackWhite@2x.png in Resources */,
				E76154821C4433E800302D32 /* DetailPage.xib in Resources */,
				E7F517B71C3FAB8900C1B4D8 /* VoiceIconSelect@2x.png in Resources */,
				E76154891C4434A300302D32 /* content.css in Resources */,
				E7F517A91C3FAB8900C1B4D8 /* NavigationBarRed64@2x.png in Resources */,
				E76154881C4434A300302D32 /* content_template.html in Resources */,
				E7F517B51C3FAB8900C1B4D8 /* ReaderIconSelect@2x.png in Resources */,
				E7F517A41C3FAB8900C1B4D8 /* ColumnBarRight@2x.png in Resources */,
				E761548A1C4434A300302D32 /* content.js in Resources */,
				E7F517AB1C3FAB8900C1B4D8 /* NavigationBarWhite64@2x.png in Resources */,
				E7F517A81C3FAB8900C1B4D8 /* NavigationBarRed44@2x.png in Resources */,
				E7F517831C3FA72000C1B4D8 /* NewsWidget.xib in Resources */,
				E7F517B41C3FAB8900C1B4D8 /* ReaderIcon@2x.png in Resources */,
				E7F517AC1C3FAB8900C1B4D8 /* NavigationBell@2x.png in Resources */,
				E7F517A51C3FAB8900C1B4D8 /* NavigationBackBlack@2x.png in Resources */,
				E7F517AD1C3FAB8900C1B4D8 /* NavigationSquare@2x.png in Resources */,
				E7F517A31C3FAB8900C1B4D8 /* ColumnBarLeft@2x.png in Resources */,
				E7F517B01C3FAB8900C1B4D8 /* MyIcon@2x.png in Resources */,
				E7F517A21C3FAB8900C1B4D8 /* Assets.xcassets in Resources */,
				E7F517851C3FA72C00C1B4D8 /* NewsTableViewCell.xib in Resources */,
			);
			runOnlyForDeploymentPostprocessing = 0;
		};
		E790931B1C16C348006A9023 /* Resources */ = {
			isa = PBXResourcesBuildPhase;
			buildActionMask = 2147483647;
			files = (
			);
			runOnlyForDeploymentPostprocessing = 0;
		};
		E79093261C16C348006A9023 /* Resources */ = {
			isa = PBXResourcesBuildPhase;
			buildActionMask = 2147483647;
			files = (
			);
			runOnlyForDeploymentPostprocessing = 0;
		};
/* End PBXResourcesBuildPhase section */

/* Begin PBXSourcesBuildPhase section */
		E79093001C16C347006A9023 /* Sources */ = {
			isa = PBXSourcesBuildPhase;
			buildActionMask = 2147483647;
			files = (
				E79158FB1C21A8BF00F61B7E /* GWJSON.m in Sources */,
				E790930C1C16C347006A9023 /* AppDelegate.m in Sources */,
				E79158FC1C21A8BF00F61B7E /* GWJsonBase.m in Sources */,
				E7CC33991C3AD12F00A027E0 /* ColumnBarWidget.m in Sources */,
				E7F517781C3D9D2000C1B4D8 /* GWLandscapeTableView.m in Sources */,
				E79093091C16C347006A9023 /* main.m in Sources */,
				E7DBF5361C35CF3B00B84626 /* GWGetImage.m in Sources */,
				E78271611C39068F00A59D6B /* HomeTabBarController.m in Sources */,
				E77F90121C36BDC300FAF680 /* GWAppSetting.m in Sources */,
				E7DBF52B1C357F0200B84626 /* GWActivityIndicator.m in Sources */,
				E7D6E04E1C22ED4100F7C298 /* NewsInfo.m in Sources */,
				E7CC33961C3AD10400A027E0 /* GWBaseWidget.m in Sources */,
				E7F5177B1C3D9EA800C1B4D8 /* GWLandscapeCell.m in Sources */,
				E7DBF52A1C357F0200B84626 /* GWActivity.m in Sources */,
				E7D6E0451C22ECF200F7C298 /* BaseInfo.m in Sources */,
				E7F5177E1C3EFD2900C1B4D8 /* NewsWidget.m in Sources */,
				E7D6E0481C22ED1600F7C298 /* AdvertInfo.m in Sources */,
				E77F90131C36BDC300FAF680 /* GWButtonHelper.m in Sources */,
				E77F90161C36BDC300FAF680 /* GWString.m in Sources */,
				E77F90151C36BDC300FAF680 /* GWFileUtility.m in Sources */,
				E7AD5C1F1C45038C00160CED /* MyPage.m in Sources */,
				E77F90191C36C82A00FAF680 /* GWGlobal.m in Sources */,
				E79DB9991C4E504A00B07FE5 /* DetailImageInfo.m in Sources */,
				E7D7389C1C27F366002EE70D /* GWGetAdvert.m in Sources */,
				E77F90141C36BDC300FAF680 /* GWDate.m in Sources */,
				E7AD5C1E1C45038C00160CED /* DiscoveryPage.m in Sources */,
				E761548D1C4435D800302D32 /* GWGetDetail.m in Sources */,
				E7F517811C3EFD6700C1B4D8 /* NewsTableViewCell.m in Sources */,
				E7D738A21C27F397002EE70D /* GWGetNews.m in Sources */,
				E7DBF51F1C353B6D00B84626 /* GWBaseViewController.m in Sources */,
				E7AD5C201C45038C00160CED /* ReaderPage.m in Sources */,
				E79158FE1C21A8BF00F61B7E /* GWJsonUtility.m in Sources */,
				E7BBB4E51C42BEA000959549 /* GWDownload.m in Sources */,
				E76154901C44360500302D32 /* DetailInfo.m in Sources */,
				E79158FF1C21A8BF00F61B7E /* GWJsonWriter.m in Sources */,
				E78271641C39657700A59D6B /* GWBaseNavPage.m in Sources */,
				E79158FD1C21A8BF00F61B7E /* GWJsonParser.m in Sources */,
				E78271A91C399C0600A59D6B /* PageInfo.m in Sources */,
				E7D6E04B1C22ED2C00F7C298 /* ColumnInfo.m in Sources */,
				E724A0F81C381EE6007154C8 /* DetailPage.m in Sources */,
				E7DBF5251C353BF400B84626 /* AdvertPage.m in Sources */,
				E7D738991C27F2EF002EE70D /* GWNetworkOperation.m in Sources */,
				E7AD5C211C45038C00160CED /* VoicePage.m in Sources */,
				E724A0E91C381E86007154C8 /* NewsPage.m in Sources */,
			);
			runOnlyForDeploymentPostprocessing = 0;
		};
		E79093191C16C348006A9023 /* Sources */ = {
			isa = PBXSourcesBuildPhase;
			buildActionMask = 2147483647;
			files = (
				E79093221C16C348006A9023 /* GWNewsTests.m in Sources */,
			);
			runOnlyForDeploymentPostprocessing = 0;
		};
		E79093241C16C348006A9023 /* Sources */ = {
			isa = PBXSourcesBuildPhase;
			buildActionMask = 2147483647;
			files = (
				E790932D1C16C348006A9023 /* GWNewsUITests.m in Sources */,
			);
			runOnlyForDeploymentPostprocessing = 0;
		};
/* End PBXSourcesBuildPhase section */

/* Begin PBXTargetDependency section */
		E790931F1C16C348006A9023 /* PBXTargetDependency */ = {
			isa = PBXTargetDependency;
			target = E79093031C16C347006A9023 /* GWNews */;
			targetProxy = E790931E1C16C348006A9023 /* PBXContainerItemProxy */;
		};
		E790932A1C16C348006A9023 /* PBXTargetDependency */ = {
			isa = PBXTargetDependency;
			target = E79093031C16C347006A9023 /* GWNews */;
			targetProxy = E79093291C16C348006A9023 /* PBXContainerItemProxy */;
		};
/* End PBXTargetDependency section */

/* Begin XCBuildConfiguration section */
		E72781551C1D4DE200BDE5E5 /* AdHoc */ = {
			isa = XCBuildConfiguration;
			buildSettings = {
				ALWAYS_SEARCH_USER_PATHS = NO;
				CLANG_CXX_LANGUAGE_STANDARD = "gnu++0x";
				CLANG_CXX_LIBRARY = "libc++";
				CLANG_ENABLE_MODULES = YES;
				CLANG_ENABLE_OBJC_ARC = YES;
				CLANG_WARN_BOOL_CONVERSION = YES;
				CLANG_WARN_CONSTANT_CONVERSION = YES;
				CLANG_WARN_DIRECT_OBJC_ISA_USAGE = YES_ERROR;
				CLANG_WARN_EMPTY_BODY = YES;
				CLANG_WARN_ENUM_CONVERSION = YES;
				CLANG_WARN_INT_CONVERSION = YES;
				CLANG_WARN_OBJC_ROOT_CLASS = YES_ERROR;
				CLANG_WARN_UNREACHABLE_CODE = YES;
				CLANG_WARN__DUPLICATE_METHOD_MATCH = YES;
				CODE_SIGN_IDENTITY = "";
				"CODE_SIGN_IDENTITY[sdk=iphoneos*]" = "iPhone Developer: tuer208@sina.com (G77672MCJV)";
				COPY_PHASE_STRIP = NO;
				DEBUG_INFORMATION_FORMAT = dwarf;
				ENABLE_STRICT_OBJC_MSGSEND = YES;
				ENABLE_TESTABILITY = YES;
				GCC_C_LANGUAGE_STANDARD = gnu99;
				GCC_DYNAMIC_NO_PIC = NO;
				GCC_NO_COMMON_BLOCKS = YES;
				GCC_OPTIMIZATION_LEVEL = 0;
				GCC_PREFIX_HEADER = "GWNews/GwNews-Prefix.pch";
				GCC_PREPROCESSOR_DEFINITIONS = (
					"DEBUG=1",
					"$(inherited)",
				);
				GCC_WARN_64_TO_32_BIT_CONVERSION = YES;
				GCC_WARN_ABOUT_RETURN_TYPE = YES_ERROR;
				GCC_WARN_UNDECLARED_SELECTOR = YES;
				GCC_WARN_UNINITIALIZED_AUTOS = YES_AGGRESSIVE;
				GCC_WARN_UNUSED_FUNCTION = YES;
				GCC_WARN_UNUSED_VARIABLE = YES;
				INFOPLIST_FILE = "";
				IPHONEOS_DEPLOYMENT_TARGET = 6.0;
				MTL_ENABLE_DEBUG_INFO = YES;
				ONLY_ACTIVE_ARCH = YES;
				SDKROOT = iphoneos;
			};
			name = AdHoc;
		};
		E72781561C1D4DE200BDE5E5 /* AdHoc */ = {
			isa = XCBuildConfiguration;
			buildSettings = {
				ASSETCATALOG_COMPILER_APPICON_NAME = AppIcon;
				ASSETCATALOG_COMPILER_LAUNCHIMAGE_NAME = LaunchAsset;
				CLANG_ENABLE_MODULES = YES;
				CODE_SIGN_IDENTITY = "iPhone Developer";
				"CODE_SIGN_IDENTITY[sdk=iphoneos*]" = "iPhone Developer";
				GCC_PREFIX_HEADER = "GWNews/Supporting Files/GwNews-Prefix.pch";
				INFOPLIST_FILE = GWNews/Info.plist;
				LD_RUNPATH_SEARCH_PATHS = "$(inherited) @executable_path/Frameworks";
				PRODUCT_BUNDLE_IDENTIFIER = com.guowei.GWNews;
				PRODUCT_NAME = "$(TARGET_NAME)";
				PROVISIONING_PROFILE = "";
				SWIFT_OBJC_BRIDGING_HEADER = "GWNews-Bridging-Header.h";
				SWIFT_OPTIMIZATION_LEVEL = "-Onone";
			};
			name = AdHoc;
		};
		E72781571C1D4DE200BDE5E5 /* AdHoc */ = {
			isa = XCBuildConfiguration;
			buildSettings = {
				BUNDLE_LOADER = "$(TEST_HOST)";
				INFOPLIST_FILE = GWNewsTests/Info.plist;
				LD_RUNPATH_SEARCH_PATHS = "$(inherited) @executable_path/Frameworks @loader_path/Frameworks";
				PRODUCT_BUNDLE_IDENTIFIER = com.guowei.GWNewsTests;
				PRODUCT_NAME = "$(TARGET_NAME)";
				TEST_HOST = "$(BUILT_PRODUCTS_DIR)/GWNews.app/GWNews";
			};
			name = AdHoc;
		};
		E72781581C1D4DE200BDE5E5 /* AdHoc */ = {
			isa = XCBuildConfiguration;
			buildSettings = {
				INFOPLIST_FILE = GWNewsUITests/Info.plist;
				LD_RUNPATH_SEARCH_PATHS = "$(inherited) @executable_path/Frameworks @loader_path/Frameworks";
				PRODUCT_BUNDLE_IDENTIFIER = com.guowei.GWNewsUITests;
				PRODUCT_NAME = "$(TARGET_NAME)";
				TEST_TARGET_NAME = GWNews;
				USES_XCTRUNNER = YES;
			};
			name = AdHoc;
		};
		E72781591C1D4DF000BDE5E5 /* Enterprise */ = {
			isa = XCBuildConfiguration;
			buildSettings = {
				ALWAYS_SEARCH_USER_PATHS = NO;
				CLANG_CXX_LANGUAGE_STANDARD = "gnu++0x";
				CLANG_CXX_LIBRARY = "libc++";
				CLANG_ENABLE_MODULES = YES;
				CLANG_ENABLE_OBJC_ARC = YES;
				CLANG_WARN_BOOL_CONVERSION = YES;
				CLANG_WARN_CONSTANT_CONVERSION = YES;
				CLANG_WARN_DIRECT_OBJC_ISA_USAGE = YES_ERROR;
				CLANG_WARN_EMPTY_BODY = YES;
				CLANG_WARN_ENUM_CONVERSION = YES;
				CLANG_WARN_INT_CONVERSION = YES;
				CLANG_WARN_OBJC_ROOT_CLASS = YES_ERROR;
				CLANG_WARN_UNREACHABLE_CODE = YES;
				CLANG_WARN__DUPLICATE_METHOD_MATCH = YES;
				CODE_SIGN_IDENTITY = "";
				"CODE_SIGN_IDENTITY[sdk=iphoneos*]" = "iPhone Developer: tuer208@sina.com (G77672MCJV)";
				COPY_PHASE_STRIP = NO;
				DEBUG_INFORMATION_FORMAT = dwarf;
				ENABLE_STRICT_OBJC_MSGSEND = YES;
				ENABLE_TESTABILITY = YES;
				GCC_C_LANGUAGE_STANDARD = gnu99;
				GCC_DYNAMIC_NO_PIC = NO;
				GCC_NO_COMMON_BLOCKS = YES;
				GCC_OPTIMIZATION_LEVEL = 0;
				GCC_PREFIX_HEADER = "GWNews/GwNews-Prefix.pch";
				GCC_PREPROCESSOR_DEFINITIONS = (
					"DEBUG=1",
					"$(inherited)",
				);
				GCC_WARN_64_TO_32_BIT_CONVERSION = YES;
				GCC_WARN_ABOUT_RETURN_TYPE = YES_ERROR;
				GCC_WARN_UNDECLARED_SELECTOR = YES;
				GCC_WARN_UNINITIALIZED_AUTOS = YES_AGGRESSIVE;
				GCC_WARN_UNUSED_FUNCTION = YES;
				GCC_WARN_UNUSED_VARIABLE = YES;
				INFOPLIST_FILE = "";
				IPHONEOS_DEPLOYMENT_TARGET = 6.0;
				MTL_ENABLE_DEBUG_INFO = YES;
				ONLY_ACTIVE_ARCH = YES;
				SDKROOT = iphoneos;
			};
			name = Enterprise;
		};
		E727815A1C1D4DF000BDE5E5 /* Enterprise */ = {
			isa = XCBuildConfiguration;
			buildSettings = {
				ASSETCATALOG_COMPILER_APPICON_NAME = AppIcon;
				ASSETCATALOG_COMPILER_LAUNCHIMAGE_NAME = LaunchAsset;
				CLANG_ENABLE_MODULES = YES;
				CODE_SIGN_IDENTITY = "iPhone Developer";
				"CODE_SIGN_IDENTITY[sdk=iphoneos*]" = "iPhone Developer";
				GCC_PREFIX_HEADER = "GWNews/Supporting Files/GwNews-Prefix.pch";
				GCC_PREPROCESSOR_DEFINITIONS = "OFFICIAL=1";
				INFOPLIST_FILE = GWNews/Info.plist;
				LD_RUNPATH_SEARCH_PATHS = "$(inherited) @executable_path/Frameworks";
				PRODUCT_BUNDLE_IDENTIFIER = com.guowei.GWNews;
				PRODUCT_NAME = "$(TARGET_NAME)";
				PROVISIONING_PROFILE = "";
				SWIFT_OBJC_BRIDGING_HEADER = "GWNews-Bridging-Header.h";
				SWIFT_OPTIMIZATION_LEVEL = "-Onone";
			};
			name = Enterprise;
		};
		E727815B1C1D4DF000BDE5E5 /* Enterprise */ = {
			isa = XCBuildConfiguration;
			buildSettings = {
				BUNDLE_LOADER = "$(TEST_HOST)";
				INFOPLIST_FILE = GWNewsTests/Info.plist;
				LD_RUNPATH_SEARCH_PATHS = "$(inherited) @executable_path/Frameworks @loader_path/Frameworks";
				PRODUCT_BUNDLE_IDENTIFIER = com.guowei.GWNewsTests;
				PRODUCT_NAME = "$(TARGET_NAME)";
				TEST_HOST = "$(BUILT_PRODUCTS_DIR)/GWNews.app/GWNews";
			};
			name = Enterprise;
		};
		E727815C1C1D4DF000BDE5E5 /* Enterprise */ = {
			isa = XCBuildConfiguration;
			buildSettings = {
				INFOPLIST_FILE = GWNewsUITests/Info.plist;
				LD_RUNPATH_SEARCH_PATHS = "$(inherited) @executable_path/Frameworks @loader_path/Frameworks";
				PRODUCT_BUNDLE_IDENTIFIER = com.guowei.GWNewsUITests;
				PRODUCT_NAME = "$(TARGET_NAME)";
				TEST_TARGET_NAME = GWNews;
				USES_XCTRUNNER = YES;
			};
			name = Enterprise;
		};
		E727815D1C1D4E0B00BDE5E5 /* AppStore */ = {
			isa = XCBuildConfiguration;
			buildSettings = {
				ALWAYS_SEARCH_USER_PATHS = NO;
				CLANG_CXX_LANGUAGE_STANDARD = "gnu++0x";
				CLANG_CXX_LIBRARY = "libc++";
				CLANG_ENABLE_MODULES = YES;
				CLANG_ENABLE_OBJC_ARC = YES;
				CLANG_WARN_BOOL_CONVERSION = YES;
				CLANG_WARN_CONSTANT_CONVERSION = YES;
				CLANG_WARN_DIRECT_OBJC_ISA_USAGE = YES_ERROR;
				CLANG_WARN_EMPTY_BODY = YES;
				CLANG_WARN_ENUM_CONVERSION = YES;
				CLANG_WARN_INT_CONVERSION = YES;
				CLANG_WARN_OBJC_ROOT_CLASS = YES_ERROR;
				CLANG_WARN_UNREACHABLE_CODE = YES;
				CLANG_WARN__DUPLICATE_METHOD_MATCH = YES;
				CODE_SIGN_IDENTITY = "";
				"CODE_SIGN_IDENTITY[sdk=iphoneos*]" = "iPhone Developer: tuer208@sina.com (G77672MCJV)";
				COPY_PHASE_STRIP = NO;
				DEBUG_INFORMATION_FORMAT = dwarf;
				ENABLE_STRICT_OBJC_MSGSEND = YES;
				ENABLE_TESTABILITY = YES;
				GCC_C_LANGUAGE_STANDARD = gnu99;
				GCC_DYNAMIC_NO_PIC = NO;
				GCC_NO_COMMON_BLOCKS = YES;
				GCC_OPTIMIZATION_LEVEL = 0;
				GCC_PREFIX_HEADER = "GWNews/GwNews-Prefix.pch";
				GCC_PREPROCESSOR_DEFINITIONS = (
					"DEBUG=1",
					"$(inherited)",
				);
				GCC_WARN_64_TO_32_BIT_CONVERSION = YES;
				GCC_WARN_ABOUT_RETURN_TYPE = YES_ERROR;
				GCC_WARN_UNDECLARED_SELECTOR = YES;
				GCC_WARN_UNINITIALIZED_AUTOS = YES_AGGRESSIVE;
				GCC_WARN_UNUSED_FUNCTION = YES;
				GCC_WARN_UNUSED_VARIABLE = YES;
				INFOPLIST_FILE = "";
				IPHONEOS_DEPLOYMENT_TARGET = 6.0;
				MTL_ENABLE_DEBUG_INFO = YES;
				ONLY_ACTIVE_ARCH = YES;
				SDKROOT = iphoneos;
			};
			name = AppStore;
		};
		E727815E1C1D4E0B00BDE5E5 /* AppStore */ = {
			isa = XCBuildConfiguration;
			buildSettings = {
				ASSETCATALOG_COMPILER_APPICON_NAME = AppIcon;
				ASSETCATALOG_COMPILER_LAUNCHIMAGE_NAME = LaunchAsset;
				CLANG_ENABLE_MODULES = YES;
				CODE_SIGN_IDENTITY = "iPhone Developer";
				"CODE_SIGN_IDENTITY[sdk=iphoneos*]" = "iPhone Developer";
				GCC_PREFIX_HEADER = "GWNews/Supporting Files/GwNews-Prefix.pch";
				GCC_PREPROCESSOR_DEFINITIONS = "OFFICIAL=1";
				INFOPLIST_FILE = GWNews/Info.plist;
				LD_RUNPATH_SEARCH_PATHS = "$(inherited) @executable_path/Frameworks";
				PRODUCT_BUNDLE_IDENTIFIER = com.guowei.GWNews;
				PRODUCT_NAME = "$(TARGET_NAME)";
				PROVISIONING_PROFILE = "";
				SWIFT_OBJC_BRIDGING_HEADER = "GWNews-Bridging-Header.h";
				SWIFT_OPTIMIZATION_LEVEL = "-Onone";
			};
			name = AppStore;
		};
		E727815F1C1D4E0B00BDE5E5 /* AppStore */ = {
			isa = XCBuildConfiguration;
			buildSettings = {
				BUNDLE_LOADER = "$(TEST_HOST)";
				INFOPLIST_FILE = GWNewsTests/Info.plist;
				LD_RUNPATH_SEARCH_PATHS = "$(inherited) @executable_path/Frameworks @loader_path/Frameworks";
				PRODUCT_BUNDLE_IDENTIFIER = com.guowei.GWNewsTests;
				PRODUCT_NAME = "$(TARGET_NAME)";
				TEST_HOST = "$(BUILT_PRODUCTS_DIR)/GWNews.app/GWNews";
			};
			name = AppStore;
		};
		E72781601C1D4E0B00BDE5E5 /* AppStore */ = {
			isa = XCBuildConfiguration;
			buildSettings = {
				INFOPLIST_FILE = GWNewsUITests/Info.plist;
				LD_RUNPATH_SEARCH_PATHS = "$(inherited) @executable_path/Frameworks @loader_path/Frameworks";
				PRODUCT_BUNDLE_IDENTIFIER = com.guowei.GWNewsUITests;
				PRODUCT_NAME = "$(TARGET_NAME)";
				TEST_TARGET_NAME = GWNews;
				USES_XCTRUNNER = YES;
			};
			name = AppStore;
		};
		E790932F1C16C348006A9023 /* Debug */ = {
			isa = XCBuildConfiguration;
			buildSettings = {
				ALWAYS_SEARCH_USER_PATHS = NO;
				CLANG_CXX_LANGUAGE_STANDARD = "gnu++0x";
				CLANG_CXX_LIBRARY = "libc++";
				CLANG_ENABLE_MODULES = YES;
				CLANG_ENABLE_OBJC_ARC = YES;
				CLANG_WARN_BOOL_CONVERSION = YES;
				CLANG_WARN_CONSTANT_CONVERSION = YES;
				CLANG_WARN_DIRECT_OBJC_ISA_USAGE = YES_ERROR;
				CLANG_WARN_EMPTY_BODY = YES;
				CLANG_WARN_ENUM_CONVERSION = YES;
				CLANG_WARN_INT_CONVERSION = YES;
				CLANG_WARN_OBJC_ROOT_CLASS = YES_ERROR;
				CLANG_WARN_UNREACHABLE_CODE = YES;
				CLANG_WARN__DUPLICATE_METHOD_MATCH = YES;
				CODE_SIGN_IDENTITY = "";
				"CODE_SIGN_IDENTITY[sdk=iphoneos*]" = "iPhone Developer: tuer208@sina.com (G77672MCJV)";
				COPY_PHASE_STRIP = NO;
				DEBUG_INFORMATION_FORMAT = dwarf;
				ENABLE_STRICT_OBJC_MSGSEND = YES;
				ENABLE_TESTABILITY = YES;
				GCC_C_LANGUAGE_STANDARD = gnu99;
				GCC_DYNAMIC_NO_PIC = NO;
				GCC_NO_COMMON_BLOCKS = YES;
				GCC_OPTIMIZATION_LEVEL = 0;
				GCC_PREFIX_HEADER = "GWNews/GwNews-Prefix.pch";
				GCC_PREPROCESSOR_DEFINITIONS = (
					"DEBUG=1",
					"$(inherited)",
				);
				GCC_WARN_64_TO_32_BIT_CONVERSION = YES;
				GCC_WARN_ABOUT_RETURN_TYPE = YES_ERROR;
				GCC_WARN_UNDECLARED_SELECTOR = YES;
				GCC_WARN_UNINITIALIZED_AUTOS = YES_AGGRESSIVE;
				GCC_WARN_UNUSED_FUNCTION = YES;
				GCC_WARN_UNUSED_VARIABLE = YES;
				INFOPLIST_FILE = "";
				IPHONEOS_DEPLOYMENT_TARGET = 6.0;
				MTL_ENABLE_DEBUG_INFO = YES;
				ONLY_ACTIVE_ARCH = YES;
				SDKROOT = iphoneos;
			};
			name = Debug;
		};
		E79093301C16C348006A9023 /* Release */ = {
			isa = XCBuildConfiguration;
			buildSettings = {
				ALWAYS_SEARCH_USER_PATHS = NO;
				CLANG_CXX_LANGUAGE_STANDARD = "gnu++0x";
				CLANG_CXX_LIBRARY = "libc++";
				CLANG_ENABLE_MODULES = YES;
				CLANG_ENABLE_OBJC_ARC = YES;
				CLANG_WARN_BOOL_CONVERSION = YES;
				CLANG_WARN_CONSTANT_CONVERSION = YES;
				CLANG_WARN_DIRECT_OBJC_ISA_USAGE = YES_ERROR;
				CLANG_WARN_EMPTY_BODY = YES;
				CLANG_WARN_ENUM_CONVERSION = YES;
				CLANG_WARN_INT_CONVERSION = YES;
				CLANG_WARN_OBJC_ROOT_CLASS = YES_ERROR;
				CLANG_WARN_UNREACHABLE_CODE = YES;
				CLANG_WARN__DUPLICATE_METHOD_MATCH = YES;
				CODE_SIGN_IDENTITY = "";
				"CODE_SIGN_IDENTITY[sdk=iphoneos*]" = "iPhone Developer: tuer208@sina.com (G77672MCJV)";
				COPY_PHASE_STRIP = NO;
				DEBUG_INFORMATION_FORMAT = "dwarf-with-dsym";
				ENABLE_NS_ASSERTIONS = NO;
				ENABLE_STRICT_OBJC_MSGSEND = YES;
				GCC_C_LANGUAGE_STANDARD = gnu99;
				GCC_NO_COMMON_BLOCKS = YES;
				GCC_PREFIX_HEADER = "GWNews/GwNews-Prefix.pch";
				GCC_WARN_64_TO_32_BIT_CONVERSION = YES;
				GCC_WARN_ABOUT_RETURN_TYPE = YES_ERROR;
				GCC_WARN_UNDECLARED_SELECTOR = YES;
				GCC_WARN_UNINITIALIZED_AUTOS = YES_AGGRESSIVE;
				GCC_WARN_UNUSED_FUNCTION = YES;
				GCC_WARN_UNUSED_VARIABLE = YES;
				INFOPLIST_FILE = "";
				IPHONEOS_DEPLOYMENT_TARGET = 6.0;
				MTL_ENABLE_DEBUG_INFO = NO;
				SDKROOT = iphoneos;
				VALIDATE_PRODUCT = YES;
			};
			name = Release;
		};
		E79093321C16C348006A9023 /* Debug */ = {
			isa = XCBuildConfiguration;
			buildSettings = {
				ASSETCATALOG_COMPILER_APPICON_NAME = AppIcon;
				ASSETCATALOG_COMPILER_LAUNCHIMAGE_NAME = LaunchAsset;
				CLANG_ENABLE_MODULES = YES;
				CODE_SIGN_IDENTITY = "iPhone Developer";
				"CODE_SIGN_IDENTITY[sdk=iphoneos*]" = "iPhone Developer";
				GCC_PREFIX_HEADER = "GWNews/Supporting Files/GwNews-Prefix.pch";
				INFOPLIST_FILE = GWNews/Info.plist;
				LD_RUNPATH_SEARCH_PATHS = "$(inherited) @executable_path/Frameworks";
				PRODUCT_BUNDLE_IDENTIFIER = com.guowei.GWNews;
				PRODUCT_NAME = "$(TARGET_NAME)";
				PROVISIONING_PROFILE = "";
				SWIFT_OBJC_BRIDGING_HEADER = "GWNews-Bridging-Header.h";
				SWIFT_OPTIMIZATION_LEVEL = "-Onone";
			};
			name = Debug;
		};
		E79093331C16C348006A9023 /* Release */ = {
			isa = XCBuildConfiguration;
			buildSettings = {
				ASSETCATALOG_COMPILER_APPICON_NAME = AppIcon;
				ASSETCATALOG_COMPILER_LAUNCHIMAGE_NAME = LaunchAsset;
				CLANG_ENABLE_MODULES = YES;
				CODE_SIGN_IDENTITY = "iPhone Developer";
				"CODE_SIGN_IDENTITY[sdk=iphoneos*]" = "iPhone Developer";
				GCC_PREFIX_HEADER = "GWNews/Supporting Files/GwNews-Prefix.pch";
				INFOPLIST_FILE = GWNews/Info.plist;
				LD_RUNPATH_SEARCH_PATHS = "$(inherited) @executable_path/Frameworks";
				PRODUCT_BUNDLE_IDENTIFIER = com.guowei.GWNews;
				PRODUCT_NAME = "$(TARGET_NAME)";
				PROVISIONING_PROFILE = "";
				SWIFT_OBJC_BRIDGING_HEADER = "GWNews-Bridging-Header.h";
			};
			name = Release;
		};
		E79093351C16C348006A9023 /* Debug */ = {
			isa = XCBuildConfiguration;
			buildSettings = {
				BUNDLE_LOADER = "$(TEST_HOST)";
				INFOPLIST_FILE = GWNewsTests/Info.plist;
				LD_RUNPATH_SEARCH_PATHS = "$(inherited) @executable_path/Frameworks @loader_path/Frameworks";
				PRODUCT_BUNDLE_IDENTIFIER = com.guowei.GWNewsTests;
				PRODUCT_NAME = "$(TARGET_NAME)";
				TEST_HOST = "$(BUILT_PRODUCTS_DIR)/GWNews.app/GWNews";
			};
			name = Debug;
		};
		E79093361C16C348006A9023 /* Release */ = {
			isa = XCBuildConfiguration;
			buildSettings = {
				BUNDLE_LOADER = "$(TEST_HOST)";
				INFOPLIST_FILE = GWNewsTests/Info.plist;
				LD_RUNPATH_SEARCH_PATHS = "$(inherited) @executable_path/Frameworks @loader_path/Frameworks";
				PRODUCT_BUNDLE_IDENTIFIER = com.guowei.GWNewsTests;
				PRODUCT_NAME = "$(TARGET_NAME)";
				TEST_HOST = "$(BUILT_PRODUCTS_DIR)/GWNews.app/GWNews";
			};
			name = Release;
		};
		E79093381C16C348006A9023 /* Debug */ = {
			isa = XCBuildConfiguration;
			buildSettings = {
				INFOPLIST_FILE = GWNewsUITests/Info.plist;
				LD_RUNPATH_SEARCH_PATHS = "$(inherited) @executable_path/Frameworks @loader_path/Frameworks";
				PRODUCT_BUNDLE_IDENTIFIER = com.guowei.GWNewsUITests;
				PRODUCT_NAME = "$(TARGET_NAME)";
				TEST_TARGET_NAME = GWNews;
				USES_XCTRUNNER = YES;
			};
			name = Debug;
		};
		E79093391C16C348006A9023 /* Release */ = {
			isa = XCBuildConfiguration;
			buildSettings = {
				INFOPLIST_FILE = GWNewsUITests/Info.plist;
				LD_RUNPATH_SEARCH_PATHS = "$(inherited) @executable_path/Frameworks @loader_path/Frameworks";
				PRODUCT_BUNDLE_IDENTIFIER = com.guowei.GWNewsUITests;
				PRODUCT_NAME = "$(TARGET_NAME)";
				TEST_TARGET_NAME = GWNews;
				USES_XCTRUNNER = YES;
			};
			name = Release;
		};
/* End XCBuildConfiguration section */

/* Begin XCConfigurationList section */
		E79092FF1C16C347006A9023 /* Build configuration list for PBXProject "GWNews" */ = {
			isa = XCConfigurationList;
			buildConfigurations = (
				E790932F1C16C348006A9023 /* Debug */,
				E72781551C1D4DE200BDE5E5 /* AdHoc */,
				E727815D1C1D4E0B00BDE5E5 /* AppStore */,
				E72781591C1D4DF000BDE5E5 /* Enterprise */,
				E79093301C16C348006A9023 /* Release */,
			);
			defaultConfigurationIsVisible = 0;
			defaultConfigurationName = Release;
		};
		E79093311C16C348006A9023 /* Build configuration list for PBXNativeTarget "GWNews" */ = {
			isa = XCConfigurationList;
			buildConfigurations = (
				E79093321C16C348006A9023 /* Debug */,
				E72781561C1D4DE200BDE5E5 /* AdHoc */,
				E727815E1C1D4E0B00BDE5E5 /* AppStore */,
				E727815A1C1D4DF000BDE5E5 /* Enterprise */,
				E79093331C16C348006A9023 /* Release */,
			);
			defaultConfigurationIsVisible = 0;
			defaultConfigurationName = Release;
		};
		E79093341C16C348006A9023 /* Build configuration list for PBXNativeTarget "GWNewsTests" */ = {
			isa = XCConfigurationList;
			buildConfigurations = (
				E79093351C16C348006A9023 /* Debug */,
				E72781571C1D4DE200BDE5E5 /* AdHoc */,
				E727815F1C1D4E0B00BDE5E5 /* AppStore */,
				E727815B1C1D4DF000BDE5E5 /* Enterprise */,
				E79093361C16C348006A9023 /* Release */,
			);
			defaultConfigurationIsVisible = 0;
			defaultConfigurationName = Release;
		};
		E79093371C16C348006A9023 /* Build configuration list for PBXNativeTarget "GWNewsUITests" */ = {
			isa = XCConfigurationList;
			buildConfigurations = (
				E79093381C16C348006A9023 /* Debug */,
				E72781581C1D4DE200BDE5E5 /* AdHoc */,
				E72781601C1D4E0B00BDE5E5 /* AppStore */,
				E727815C1C1D4DF000BDE5E5 /* Enterprise */,
				E79093391C16C348006A9023 /* Release */,
			);
			defaultConfigurationIsVisible = 0;
			defaultConfigurationName = Release;
		};
/* End XCConfigurationList section */
	};
	rootObject = E79092FC1C16C347006A9023 /* Project object */;
}
